
Microsoft Visual Studio Solution File, Format Version 12.00
# Visual Studio Version 17
VisualStudioVersion = 17.0.31903.59
MinimumVisualStudioVersion = 10.0.40219.1
Project("{2150E333-8FDC-42A3-9474-1A3956D46DE8}") = "1. First Steps In Coding - Lab", "1. First Steps In Coding - Lab", "{A6A23196-6198-45C6-50E2-1F8E733F58F0}"
EndProject
Project("{FAE04EC0-301F-11D3-BF4B-00C04F79EFBC}") = "helloSoftuni", "1. First Steps In Coding - Lab\helloSoftuni\helloSoftuni.csproj", "{9660B934-B539-462E-BD1F-433F5F636566}"
EndProject
Project("{FAE04EC0-301F-11D3-BF4B-00C04F79EFBC}") = "nums1To10", "1. First Steps In Coding - Lab\nums1To10\nums1To10.csproj", "{51018278-2A43-403D-960A-12EC80FF69E8}"
EndProject
Project("{FAE04EC0-301F-11D3-BF4B-00C04F79EFBC}") = "1_helloSoftUni", "1. First Steps In Coding - Lab\1_helloSoftUni\1_helloSoftUni.csproj", "{00DF01CD-E8A9-437E-8EB3-6C9B894910FA}"
EndProject
Project("{FAE04EC0-301F-11D3-BF4B-00C04F79EFBC}") = "2_nums1To10", "1. First Steps In Coding - Lab\2_nums1To10\2_nums1To10.csproj", "{2ED2A1A9-E35E-4762-8D60-82C52B2C41D6}"
EndProject
Project("{FAE04EC0-301F-11D3-BF4B-00C04F79EFBC}") = "3_rectangleArea", "3_rectangleArea\3_rectangleArea.csproj", "{33FD7067-F170-46E4-83DA-812FE64B4DA1}"
EndProject
Project("{FAE04EC0-301F-11D3-BF4B-00C04F79EFBC}") = "3_rectangleArea", "1. First Steps In Coding - Lab\3_rectangleArea\3_rectangleArea.csproj", "{6B2BCD81-F27F-4E30-92C9-05332BBCEB92}"
EndProject
Project("{FAE04EC0-301F-11D3-BF4B-00C04F79EFBC}") = "4_inchesToCentimeters", "1. First Steps In Coding - Lab\4_inchesToCentimeters\4_inchesToCentimeters.csproj", "{86370D2D-47E6-4226-A495-9D68014FA27D}"
EndProject
Project("{FAE04EC0-301F-11D3-BF4B-00C04F79EFBC}") = "5_greetingByName", "1. First Steps In Coding - Lab\5_greetingByName\5_greetingByName.csproj", "{C3D1312D-5E97-410B-BDAC-3971D6ABAF26}"
EndProject
Project("{FAE04EC0-301F-11D3-BF4B-00C04F79EFBC}") = "6_concatenateData", "1. First Steps In Coding - Lab\6_concatenateData\6_concatenateData.csproj", "{82448A43-C603-483F-8B70-FA1D020F1FAD}"
EndProject
Project("{FAE04EC0-301F-11D3-BF4B-00C04F79EFBC}") = "7_projectsCreation", "1. First Steps In Coding - Lab\7_projectsCreation\7_projectsCreation.csproj", "{10C71FE3-AC16-4901-9CF1-755A5193DFA5}"
EndProject
Project("{FAE04EC0-301F-11D3-BF4B-00C04F79EFBC}") = "8_petShop", "1. First Steps In Coding - Lab\8_petShop\8_petShop.csproj", "{F4DC5433-04AE-44E9-9F28-69EE4D9DBCF4}"
EndProject
Project("{FAE04EC0-301F-11D3-BF4B-00C04F79EFBC}") = "9_yardGreening", "1. First Steps In Coding - Lab\9_yardGreening\9_yardGreening.csproj", "{D422BF43-BB91-4074-8C39-5858A75E9A4B}"
EndProject
Project("{2150E333-8FDC-42A3-9474-1A3956D46DE8}") = "1. First Steps In Coding - Exercise", "1. First Steps In Coding - Exercise", "{31D9FFF0-CA05-EF9B-F6DB-792D71E9EEF4}"
EndProject
Project("{FAE04EC0-301F-11D3-BF4B-00C04F79EFBC}") = "1_usdToBgn", "1. First Steps In Coding - Exercise\1_usdToBgn\1_usdToBgn.csproj", "{A10BD7B9-A8DF-40DF-90D2-B4EBBCAC069C}"
EndProject
Project("{FAE04EC0-301F-11D3-BF4B-00C04F79EFBC}") = "2_radiansToDegrees", "1. First Steps In Coding - Exercise\2_radiansToDegrees\2_radiansToDegrees.csproj", "{58804029-24F4-4649-A473-B55FC7980838}"
EndProject
Project("{FAE04EC0-301F-11D3-BF4B-00C04F79EFBC}") = "3_depositCalculator", "1. First Steps In Coding - Exercise\3_depositCalculator\3_depositCalculator.csproj", "{F4C1409B-EB48-4513-A24A-F8B67232310D}"
EndProject
Project("{FAE04EC0-301F-11D3-BF4B-00C04F79EFBC}") = "4_vacationBooksList", "1. First Steps In Coding - Exercise\4_vacationBooksList\4_vacationBooksList.csproj", "{544ED425-8CBF-4F72-9123-F6D184EDFEDE}"
EndProject
Project("{FAE04EC0-301F-11D3-BF4B-00C04F79EFBC}") = "5_suppliesForSchool", "1. First Steps In Coding - Exercise\5_suppliesForSchool\5_suppliesForSchool.csproj", "{145A8E14-9599-4F0A-8803-6F4F521E1D5F}"
EndProject
Project("{FAE04EC0-301F-11D3-BF4B-00C04F79EFBC}") = "6_repainting", "1. First Steps In Coding - Exercise\6_repainting\6_repainting.csproj", "{5879D64B-0912-4B8A-9400-4957FECA5A04}"
EndProject
Project("{FAE04EC0-301F-11D3-BF4B-00C04F79EFBC}") = "7_foodDelivery", "1. First Steps In Coding - Exercise\7_foodDelivery\7_foodDelivery.csproj", "{15109104-8BC5-4AE1-BD22-377D0F742ADF}"
EndProject
Project("{FAE04EC0-301F-11D3-BF4B-00C04F79EFBC}") = "8_basketballEquipment", "1. First Steps In Coding - Exercise\8_basketballEquipment\8_basketballEquipment.csproj", "{8B2C1507-C792-44D5-B4C2-0F347853DFB2}"
EndProject
Project("{FAE04EC0-301F-11D3-BF4B-00C04F79EFBC}") = "9_fishTank", "1. First Steps In Coding - Exercise\9_fishTank\9_fishTank.csproj", "{2C2192A5-C53D-4467-8979-E51D71ABD432}"
EndProject
Project("{2150E333-8FDC-42A3-9474-1A3956D46DE8}") = "2. Conditional Statements - Lab", "2. Conditional Statements - Lab", "{3ECFE325-CE6D-BF3F-F148-32EB18378828}"
EndProject
Project("{FAE04EC0-301F-11D3-BF4B-00C04F79EFBC}") = "1_excellentResult", "2. Conditional Statements - Lab\1_excellentResult\1_excellentResult.csproj", "{4F27E53B-BA73-4A12-AA32-C74FF692C8F8}"
EndProject
Project("{FAE04EC0-301F-11D3-BF4B-00C04F79EFBC}") = "2_greaterNumber", "2. Conditional Statements - Lab\2_greaterNumber\2_greaterNumber.csproj", "{694CAFBE-462C-4F36-85C2-EF96E4F8804D}"
EndProject
Project("{FAE04EC0-301F-11D3-BF4B-00C04F79EFBC}") = "3_evenOrOdd", "2. Conditional Statements - Lab\3_evenOrOdd\3_evenOrOdd.csproj", "{D0A3C98F-4CDF-4E52-A560-8B4DB9E82E2C}"
EndProject
Project("{FAE04EC0-301F-11D3-BF4B-00C04F79EFBC}") = "4_passwordGuess", "2. Conditional Statements - Lab\4_passwordGuess\4_passwordGuess.csproj", "{CB11C572-55B1-46BF-980A-A6E1D1002F8F}"
EndProject
Project("{FAE04EC0-301F-11D3-BF4B-00C04F79EFBC}") = "5_number100To200", "2. Conditional Statements - Lab\5_number100To200\5_number100To200.csproj", "{3A0576A9-FB05-425C-AF3F-F3468F02483A}"
EndProject
Project("{FAE04EC0-301F-11D3-BF4B-00C04F79EFBC}") = "6_speedInfo", "2. Conditional Statements - Lab\6_speedInfo\6_speedInfo.csproj", "{403A52D2-6E77-42BD-A94D-B8BCB57C7AE1}"
EndProject
Project("{FAE04EC0-301F-11D3-BF4B-00C04F79EFBC}") = "7_areaOfFigures", "2. Conditional Statements - Lab\7_areaOfFigures\7_areaOfFigures.csproj", "{E9F8F7E9-1637-4F35-A652-3C69A3A31696}"
EndProject
Global
	GlobalSection(SolutionConfigurationPlatforms) = preSolution
		Debug|Any CPU = Debug|Any CPU
		Debug|x64 = Debug|x64
		Debug|x86 = Debug|x86
		Release|Any CPU = Release|Any CPU
		Release|x64 = Release|x64
		Release|x86 = Release|x86
	EndGlobalSection
	GlobalSection(ProjectConfigurationPlatforms) = postSolution
		{9660B934-B539-462E-BD1F-433F5F636566}.Debug|Any CPU.ActiveCfg = Debug|Any CPU
		{9660B934-B539-462E-BD1F-433F5F636566}.Debug|Any CPU.Build.0 = Debug|Any CPU
		{9660B934-B539-462E-BD1F-433F5F636566}.Debug|x64.ActiveCfg = Debug|Any CPU
		{9660B934-B539-462E-BD1F-433F5F636566}.Debug|x64.Build.0 = Debug|Any CPU
		{9660B934-B539-462E-BD1F-433F5F636566}.Debug|x86.ActiveCfg = Debug|Any CPU
		{9660B934-B539-462E-BD1F-433F5F636566}.Debug|x86.Build.0 = Debug|Any CPU
		{9660B934-B539-462E-BD1F-433F5F636566}.Release|Any CPU.ActiveCfg = Release|Any CPU
		{9660B934-B539-462E-BD1F-433F5F636566}.Release|Any CPU.Build.0 = Release|Any CPU
		{9660B934-B539-462E-BD1F-433F5F636566}.Release|x64.ActiveCfg = Release|Any CPU
		{9660B934-B539-462E-BD1F-433F5F636566}.Release|x64.Build.0 = Release|Any CPU
		{9660B934-B539-462E-BD1F-433F5F636566}.Release|x86.ActiveCfg = Release|Any CPU
		{9660B934-B539-462E-BD1F-433F5F636566}.Release|x86.Build.0 = Release|Any CPU
		{51018278-2A43-403D-960A-12EC80FF69E8}.Debug|Any CPU.ActiveCfg = Debug|Any CPU
		{51018278-2A43-403D-960A-12EC80FF69E8}.Debug|Any CPU.Build.0 = Debug|Any CPU
		{51018278-2A43-403D-960A-12EC80FF69E8}.Debug|x64.ActiveCfg = Debug|Any CPU
		{51018278-2A43-403D-960A-12EC80FF69E8}.Debug|x64.Build.0 = Debug|Any CPU
		{51018278-2A43-403D-960A-12EC80FF69E8}.Debug|x86.ActiveCfg = Debug|Any CPU
		{51018278-2A43-403D-960A-12EC80FF69E8}.Debug|x86.Build.0 = Debug|Any CPU
		{51018278-2A43-403D-960A-12EC80FF69E8}.Release|Any CPU.ActiveCfg = Release|Any CPU
		{51018278-2A43-403D-960A-12EC80FF69E8}.Release|Any CPU.Build.0 = Release|Any CPU
		{51018278-2A43-403D-960A-12EC80FF69E8}.Release|x64.ActiveCfg = Release|Any CPU
		{51018278-2A43-403D-960A-12EC80FF69E8}.Release|x64.Build.0 = Release|Any CPU
		{51018278-2A43-403D-960A-12EC80FF69E8}.Release|x86.ActiveCfg = Release|Any CPU
		{51018278-2A43-403D-960A-12EC80FF69E8}.Release|x86.Build.0 = Release|Any CPU
		{00DF01CD-E8A9-437E-8EB3-6C9B894910FA}.Debug|Any CPU.ActiveCfg = Debug|Any CPU
		{00DF01CD-E8A9-437E-8EB3-6C9B894910FA}.Debug|Any CPU.Build.0 = Debug|Any CPU
		{00DF01CD-E8A9-437E-8EB3-6C9B894910FA}.Debug|x64.ActiveCfg = Debug|Any CPU
		{00DF01CD-E8A9-437E-8EB3-6C9B894910FA}.Debug|x64.Build.0 = Debug|Any CPU
		{00DF01CD-E8A9-437E-8EB3-6C9B894910FA}.Debug|x86.ActiveCfg = Debug|Any CPU
		{00DF01CD-E8A9-437E-8EB3-6C9B894910FA}.Debug|x86.Build.0 = Debug|Any CPU
		{00DF01CD-E8A9-437E-8EB3-6C9B894910FA}.Release|Any CPU.ActiveCfg = Release|Any CPU
		{00DF01CD-E8A9-437E-8EB3-6C9B894910FA}.Release|Any CPU.Build.0 = Release|Any CPU
		{00DF01CD-E8A9-437E-8EB3-6C9B894910FA}.Release|x64.ActiveCfg = Release|Any CPU
		{00DF01CD-E8A9-437E-8EB3-6C9B894910FA}.Release|x64.Build.0 = Release|Any CPU
		{00DF01CD-E8A9-437E-8EB3-6C9B894910FA}.Release|x86.ActiveCfg = Release|Any CPU
		{00DF01CD-E8A9-437E-8EB3-6C9B894910FA}.Release|x86.Build.0 = Release|Any CPU
		{2ED2A1A9-E35E-4762-8D60-82C52B2C41D6}.Debug|Any CPU.ActiveCfg = Debug|Any CPU
		{2ED2A1A9-E35E-4762-8D60-82C52B2C41D6}.Debug|Any CPU.Build.0 = Debug|Any CPU
		{2ED2A1A9-E35E-4762-8D60-82C52B2C41D6}.Debug|x64.ActiveCfg = Debug|Any CPU
		{2ED2A1A9-E35E-4762-8D60-82C52B2C41D6}.Debug|x64.Build.0 = Debug|Any CPU
		{2ED2A1A9-E35E-4762-8D60-82C52B2C41D6}.Debug|x86.ActiveCfg = Debug|Any CPU
		{2ED2A1A9-E35E-4762-8D60-82C52B2C41D6}.Debug|x86.Build.0 = Debug|Any CPU
		{2ED2A1A9-E35E-4762-8D60-82C52B2C41D6}.Release|Any CPU.ActiveCfg = Release|Any CPU
		{2ED2A1A9-E35E-4762-8D60-82C52B2C41D6}.Release|Any CPU.Build.0 = Release|Any CPU
		{2ED2A1A9-E35E-4762-8D60-82C52B2C41D6}.Release|x64.ActiveCfg = Release|Any CPU
		{2ED2A1A9-E35E-4762-8D60-82C52B2C41D6}.Release|x64.Build.0 = Release|Any CPU
		{2ED2A1A9-E35E-4762-8D60-82C52B2C41D6}.Release|x86.ActiveCfg = Release|Any CPU
		{2ED2A1A9-E35E-4762-8D60-82C52B2C41D6}.Release|x86.Build.0 = Release|Any CPU
		{33FD7067-F170-46E4-83DA-812FE64B4DA1}.Debug|Any CPU.ActiveCfg = Debug|Any CPU
		{33FD7067-F170-46E4-83DA-812FE64B4DA1}.Debug|Any CPU.Build.0 = Debug|Any CPU
		{33FD7067-F170-46E4-83DA-812FE64B4DA1}.Debug|x64.ActiveCfg = Debug|Any CPU
		{33FD7067-F170-46E4-83DA-812FE64B4DA1}.Debug|x64.Build.0 = Debug|Any CPU
		{33FD7067-F170-46E4-83DA-812FE64B4DA1}.Debug|x86.ActiveCfg = Debug|Any CPU
		{33FD7067-F170-46E4-83DA-812FE64B4DA1}.Debug|x86.Build.0 = Debug|Any CPU
		{33FD7067-F170-46E4-83DA-812FE64B4DA1}.Release|Any CPU.ActiveCfg = Release|Any CPU
		{33FD7067-F170-46E4-83DA-812FE64B4DA1}.Release|Any CPU.Build.0 = Release|Any CPU
		{33FD7067-F170-46E4-83DA-812FE64B4DA1}.Release|x64.ActiveCfg = Release|Any CPU
		{33FD7067-F170-46E4-83DA-812FE64B4DA1}.Release|x64.Build.0 = Release|Any CPU
		{33FD7067-F170-46E4-83DA-812FE64B4DA1}.Release|x86.ActiveCfg = Release|Any CPU
		{33FD7067-F170-46E4-83DA-812FE64B4DA1}.Release|x86.Build.0 = Release|Any CPU
		{6B2BCD81-F27F-4E30-92C9-05332BBCEB92}.Debug|Any CPU.ActiveCfg = Debug|Any CPU
		{6B2BCD81-F27F-4E30-92C9-05332BBCEB92}.Debug|Any CPU.Build.0 = Debug|Any CPU
		{6B2BCD81-F27F-4E30-92C9-05332BBCEB92}.Debug|x64.ActiveCfg = Debug|Any CPU
		{6B2BCD81-F27F-4E30-92C9-05332BBCEB92}.Debug|x64.Build.0 = Debug|Any CPU
		{6B2BCD81-F27F-4E30-92C9-05332BBCEB92}.Debug|x86.ActiveCfg = Debug|Any CPU
		{6B2BCD81-F27F-4E30-92C9-05332BBCEB92}.Debug|x86.Build.0 = Debug|Any CPU
		{6B2BCD81-F27F-4E30-92C9-05332BBCEB92}.Release|Any CPU.ActiveCfg = Release|Any CPU
		{6B2BCD81-F27F-4E30-92C9-05332BBCEB92}.Release|Any CPU.Build.0 = Release|Any CPU
		{6B2BCD81-F27F-4E30-92C9-05332BBCEB92}.Release|x64.ActiveCfg = Release|Any CPU
		{6B2BCD81-F27F-4E30-92C9-05332BBCEB92}.Release|x64.Build.0 = Release|Any CPU
		{6B2BCD81-F27F-4E30-92C9-05332BBCEB92}.Release|x86.ActiveCfg = Release|Any CPU
		{6B2BCD81-F27F-4E30-92C9-05332BBCEB92}.Release|x86.Build.0 = Release|Any CPU
		{86370D2D-47E6-4226-A495-9D68014FA27D}.Debug|Any CPU.ActiveCfg = Debug|Any CPU
		{86370D2D-47E6-4226-A495-9D68014FA27D}.Debug|Any CPU.Build.0 = Debug|Any CPU
		{86370D2D-47E6-4226-A495-9D68014FA27D}.Debug|x64.ActiveCfg = Debug|Any CPU
		{86370D2D-47E6-4226-A495-9D68014FA27D}.Debug|x64.Build.0 = Debug|Any CPU
		{86370D2D-47E6-4226-A495-9D68014FA27D}.Debug|x86.ActiveCfg = Debug|Any CPU
		{86370D2D-47E6-4226-A495-9D68014FA27D}.Debug|x86.Build.0 = Debug|Any CPU
		{86370D2D-47E6-4226-A495-9D68014FA27D}.Release|Any CPU.ActiveCfg = Release|Any CPU
		{86370D2D-47E6-4226-A495-9D68014FA27D}.Release|Any CPU.Build.0 = Release|Any CPU
		{86370D2D-47E6-4226-A495-9D68014FA27D}.Release|x64.ActiveCfg = Release|Any CPU
		{86370D2D-47E6-4226-A495-9D68014FA27D}.Release|x64.Build.0 = Release|Any CPU
		{86370D2D-47E6-4226-A495-9D68014FA27D}.Release|x86.ActiveCfg = Release|Any CPU
		{86370D2D-47E6-4226-A495-9D68014FA27D}.Release|x86.Build.0 = Release|Any CPU
		{C3D1312D-5E97-410B-BDAC-3971D6ABAF26}.Debug|Any CPU.ActiveCfg = Debug|Any CPU
		{C3D1312D-5E97-410B-BDAC-3971D6ABAF26}.Debug|Any CPU.Build.0 = Debug|Any CPU
		{C3D1312D-5E97-410B-BDAC-3971D6ABAF26}.Debug|x64.ActiveCfg = Debug|Any CPU
		{C3D1312D-5E97-410B-BDAC-3971D6ABAF26}.Debug|x64.Build.0 = Debug|Any CPU
		{C3D1312D-5E97-410B-BDAC-3971D6ABAF26}.Debug|x86.ActiveCfg = Debug|Any CPU
		{C3D1312D-5E97-410B-BDAC-3971D6ABAF26}.Debug|x86.Build.0 = Debug|Any CPU
		{C3D1312D-5E97-410B-BDAC-3971D6ABAF26}.Release|Any CPU.ActiveCfg = Release|Any CPU
		{C3D1312D-5E97-410B-BDAC-3971D6ABAF26}.Release|Any CPU.Build.0 = Release|Any CPU
		{C3D1312D-5E97-410B-BDAC-3971D6ABAF26}.Release|x64.ActiveCfg = Release|Any CPU
		{C3D1312D-5E97-410B-BDAC-3971D6ABAF26}.Release|x64.Build.0 = Release|Any CPU
		{C3D1312D-5E97-410B-BDAC-3971D6ABAF26}.Release|x86.ActiveCfg = Release|Any CPU
		{C3D1312D-5E97-410B-BDAC-3971D6ABAF26}.Release|x86.Build.0 = Release|Any CPU
		{82448A43-C603-483F-8B70-FA1D020F1FAD}.Debug|Any CPU.ActiveCfg = Debug|Any CPU
		{82448A43-C603-483F-8B70-FA1D020F1FAD}.Debug|Any CPU.Build.0 = Debug|Any CPU
		{82448A43-C603-483F-8B70-FA1D020F1FAD}.Debug|x64.ActiveCfg = Debug|Any CPU
		{82448A43-C603-483F-8B70-FA1D020F1FAD}.Debug|x64.Build.0 = Debug|Any CPU
		{82448A43-C603-483F-8B70-FA1D020F1FAD}.Debug|x86.ActiveCfg = Debug|Any CPU
		{82448A43-C603-483F-8B70-FA1D020F1FAD}.Debug|x86.Build.0 = Debug|Any CPU
		{82448A43-C603-483F-8B70-FA1D020F1FAD}.Release|Any CPU.ActiveCfg = Release|Any CPU
		{82448A43-C603-483F-8B70-FA1D020F1FAD}.Release|Any CPU.Build.0 = Release|Any CPU
		{82448A43-C603-483F-8B70-FA1D020F1FAD}.Release|x64.ActiveCfg = Release|Any CPU
		{82448A43-C603-483F-8B70-FA1D020F1FAD}.Release|x64.Build.0 = Release|Any CPU
		{82448A43-C603-483F-8B70-FA1D020F1FAD}.Release|x86.ActiveCfg = Release|Any CPU
		{82448A43-C603-483F-8B70-FA1D020F1FAD}.Release|x86.Build.0 = Release|Any CPU
		{10C71FE3-AC16-4901-9CF1-755A5193DFA5}.Debug|Any CPU.ActiveCfg = Debug|Any CPU
		{10C71FE3-AC16-4901-9CF1-755A5193DFA5}.Debug|Any CPU.Build.0 = Debug|Any CPU
		{10C71FE3-AC16-4901-9CF1-755A5193DFA5}.Debug|x64.ActiveCfg = Debug|Any CPU
		{10C71FE3-AC16-4901-9CF1-755A5193DFA5}.Debug|x64.Build.0 = Debug|Any CPU
		{10C71FE3-AC16-4901-9CF1-755A5193DFA5}.Debug|x86.ActiveCfg = Debug|Any CPU
		{10C71FE3-AC16-4901-9CF1-755A5193DFA5}.Debug|x86.Build.0 = Debug|Any CPU
		{10C71FE3-AC16-4901-9CF1-755A5193DFA5}.Release|Any CPU.ActiveCfg = Release|Any CPU
		{10C71FE3-AC16-4901-9CF1-755A5193DFA5}.Release|Any CPU.Build.0 = Release|Any CPU
		{10C71FE3-AC16-4901-9CF1-755A5193DFA5}.Release|x64.ActiveCfg = Release|Any CPU
		{10C71FE3-AC16-4901-9CF1-755A5193DFA5}.Release|x64.Build.0 = Release|Any CPU
		{10C71FE3-AC16-4901-9CF1-755A5193DFA5}.Release|x86.ActiveCfg = Release|Any CPU
		{10C71FE3-AC16-4901-9CF1-755A5193DFA5}.Release|x86.Build.0 = Release|Any CPU
		{F4DC5433-04AE-44E9-9F28-69EE4D9DBCF4}.Debug|Any CPU.ActiveCfg = Debug|Any CPU
		{F4DC5433-04AE-44E9-9F28-69EE4D9DBCF4}.Debug|Any CPU.Build.0 = Debug|Any CPU
		{F4DC5433-04AE-44E9-9F28-69EE4D9DBCF4}.Debug|x64.ActiveCfg = Debug|Any CPU
		{F4DC5433-04AE-44E9-9F28-69EE4D9DBCF4}.Debug|x64.Build.0 = Debug|Any CPU
		{F4DC5433-04AE-44E9-9F28-69EE4D9DBCF4}.Debug|x86.ActiveCfg = Debug|Any CPU
		{F4DC5433-04AE-44E9-9F28-69EE4D9DBCF4}.Debug|x86.Build.0 = Debug|Any CPU
		{F4DC5433-04AE-44E9-9F28-69EE4D9DBCF4}.Release|Any CPU.ActiveCfg = Release|Any CPU
		{F4DC5433-04AE-44E9-9F28-69EE4D9DBCF4}.Release|Any CPU.Build.0 = Release|Any CPU
		{F4DC5433-04AE-44E9-9F28-69EE4D9DBCF4}.Release|x64.ActiveCfg = Release|Any CPU
		{F4DC5433-04AE-44E9-9F28-69EE4D9DBCF4}.Release|x64.Build.0 = Release|Any CPU
		{F4DC5433-04AE-44E9-9F28-69EE4D9DBCF4}.Release|x86.ActiveCfg = Release|Any CPU
		{F4DC5433-04AE-44E9-9F28-69EE4D9DBCF4}.Release|x86.Build.0 = Release|Any CPU
		{D422BF43-BB91-4074-8C39-5858A75E9A4B}.Debug|Any CPU.ActiveCfg = Debug|Any CPU
		{D422BF43-BB91-4074-8C39-5858A75E9A4B}.Debug|Any CPU.Build.0 = Debug|Any CPU
		{D422BF43-BB91-4074-8C39-5858A75E9A4B}.Debug|x64.ActiveCfg = Debug|Any CPU
		{D422BF43-BB91-4074-8C39-5858A75E9A4B}.Debug|x64.Build.0 = Debug|Any CPU
		{D422BF43-BB91-4074-8C39-5858A75E9A4B}.Debug|x86.ActiveCfg = Debug|Any CPU
		{D422BF43-BB91-4074-8C39-5858A75E9A4B}.Debug|x86.Build.0 = Debug|Any CPU
		{D422BF43-BB91-4074-8C39-5858A75E9A4B}.Release|Any CPU.ActiveCfg = Release|Any CPU
		{D422BF43-BB91-4074-8C39-5858A75E9A4B}.Release|Any CPU.Build.0 = Release|Any CPU
		{D422BF43-BB91-4074-8C39-5858A75E9A4B}.Release|x64.ActiveCfg = Release|Any CPU
		{D422BF43-BB91-4074-8C39-5858A75E9A4B}.Release|x64.Build.0 = Release|Any CPU
		{D422BF43-BB91-4074-8C39-5858A75E9A4B}.Release|x86.ActiveCfg = Release|Any CPU
		{D422BF43-BB91-4074-8C39-5858A75E9A4B}.Release|x86.Build.0 = Release|Any CPU
		{A10BD7B9-A8DF-40DF-90D2-B4EBBCAC069C}.Debug|Any CPU.ActiveCfg = Debug|Any CPU
		{A10BD7B9-A8DF-40DF-90D2-B4EBBCAC069C}.Debug|Any CPU.Build.0 = Debug|Any CPU
		{A10BD7B9-A8DF-40DF-90D2-B4EBBCAC069C}.Debug|x64.ActiveCfg = Debug|Any CPU
		{A10BD7B9-A8DF-40DF-90D2-B4EBBCAC069C}.Debug|x64.Build.0 = Debug|Any CPU
		{A10BD7B9-A8DF-40DF-90D2-B4EBBCAC069C}.Debug|x86.ActiveCfg = Debug|Any CPU
		{A10BD7B9-A8DF-40DF-90D2-B4EBBCAC069C}.Debug|x86.Build.0 = Debug|Any CPU
		{A10BD7B9-A8DF-40DF-90D2-B4EBBCAC069C}.Release|Any CPU.ActiveCfg = Release|Any CPU
		{A10BD7B9-A8DF-40DF-90D2-B4EBBCAC069C}.Release|Any CPU.Build.0 = Release|Any CPU
		{A10BD7B9-A8DF-40DF-90D2-B4EBBCAC069C}.Release|x64.ActiveCfg = Release|Any CPU
		{A10BD7B9-A8DF-40DF-90D2-B4EBBCAC069C}.Release|x64.Build.0 = Release|Any CPU
		{A10BD7B9-A8DF-40DF-90D2-B4EBBCAC069C}.Release|x86.ActiveCfg = Release|Any CPU
		{A10BD7B9-A8DF-40DF-90D2-B4EBBCAC069C}.Release|x86.Build.0 = Release|Any CPU
		{58804029-24F4-4649-A473-B55FC7980838}.Debug|Any CPU.ActiveCfg = Debug|Any CPU
		{58804029-24F4-4649-A473-B55FC7980838}.Debug|Any CPU.Build.0 = Debug|Any CPU
		{58804029-24F4-4649-A473-B55FC7980838}.Debug|x64.ActiveCfg = Debug|Any CPU
		{58804029-24F4-4649-A473-B55FC7980838}.Debug|x64.Build.0 = Debug|Any CPU
		{58804029-24F4-4649-A473-B55FC7980838}.Debug|x86.ActiveCfg = Debug|Any CPU
		{58804029-24F4-4649-A473-B55FC7980838}.Debug|x86.Build.0 = Debug|Any CPU
		{58804029-24F4-4649-A473-B55FC7980838}.Release|Any CPU.ActiveCfg = Release|Any CPU
		{58804029-24F4-4649-A473-B55FC7980838}.Release|Any CPU.Build.0 = Release|Any CPU
		{58804029-24F4-4649-A473-B55FC7980838}.Release|x64.ActiveCfg = Release|Any CPU
		{58804029-24F4-4649-A473-B55FC7980838}.Release|x64.Build.0 = Release|Any CPU
		{58804029-24F4-4649-A473-B55FC7980838}.Release|x86.ActiveCfg = Release|Any CPU
		{58804029-24F4-4649-A473-B55FC7980838}.Release|x86.Build.0 = Release|Any CPU
		{F4C1409B-EB48-4513-A24A-F8B67232310D}.Debug|Any CPU.ActiveCfg = Debug|Any CPU
		{F4C1409B-EB48-4513-A24A-F8B67232310D}.Debug|Any CPU.Build.0 = Debug|Any CPU
		{F4C1409B-EB48-4513-A24A-F8B67232310D}.Debug|x64.ActiveCfg = Debug|Any CPU
		{F4C1409B-EB48-4513-A24A-F8B67232310D}.Debug|x64.Build.0 = Debug|Any CPU
		{F4C1409B-EB48-4513-A24A-F8B67232310D}.Debug|x86.ActiveCfg = Debug|Any CPU
		{F4C1409B-EB48-4513-A24A-F8B67232310D}.Debug|x86.Build.0 = Debug|Any CPU
		{F4C1409B-EB48-4513-A24A-F8B67232310D}.Release|Any CPU.ActiveCfg = Release|Any CPU
		{F4C1409B-EB48-4513-A24A-F8B67232310D}.Release|Any CPU.Build.0 = Release|Any CPU
		{F4C1409B-EB48-4513-A24A-F8B67232310D}.Release|x64.ActiveCfg = Release|Any CPU
		{F4C1409B-EB48-4513-A24A-F8B67232310D}.Release|x64.Build.0 = Release|Any CPU
		{F4C1409B-EB48-4513-A24A-F8B67232310D}.Release|x86.ActiveCfg = Release|Any CPU
		{F4C1409B-EB48-4513-A24A-F8B67232310D}.Release|x86.Build.0 = Release|Any CPU
		{544ED425-8CBF-4F72-9123-F6D184EDFEDE}.Debug|Any CPU.ActiveCfg = Debug|Any CPU
		{544ED425-8CBF-4F72-9123-F6D184EDFEDE}.Debug|Any CPU.Build.0 = Debug|Any CPU
		{544ED425-8CBF-4F72-9123-F6D184EDFEDE}.Debug|x64.ActiveCfg = Debug|Any CPU
		{544ED425-8CBF-4F72-9123-F6D184EDFEDE}.Debug|x64.Build.0 = Debug|Any CPU
		{544ED425-8CBF-4F72-9123-F6D184EDFEDE}.Debug|x86.ActiveCfg = Debug|Any CPU
		{544ED425-8CBF-4F72-9123-F6D184EDFEDE}.Debug|x86.Build.0 = Debug|Any CPU
		{544ED425-8CBF-4F72-9123-F6D184EDFEDE}.Release|Any CPU.ActiveCfg = Release|Any CPU
		{544ED425-8CBF-4F72-9123-F6D184EDFEDE}.Release|Any CPU.Build.0 = Release|Any CPU
		{544ED425-8CBF-4F72-9123-F6D184EDFEDE}.Release|x64.ActiveCfg = Release|Any CPU
		{544ED425-8CBF-4F72-9123-F6D184EDFEDE}.Release|x64.Build.0 = Release|Any CPU
		{544ED425-8CBF-4F72-9123-F6D184EDFEDE}.Release|x86.ActiveCfg = Release|Any CPU
		{544ED425-8CBF-4F72-9123-F6D184EDFEDE}.Release|x86.Build.0 = Release|Any CPU
		{145A8E14-9599-4F0A-8803-6F4F521E1D5F}.Debug|Any CPU.ActiveCfg = Debug|Any CPU
		{145A8E14-9599-4F0A-8803-6F4F521E1D5F}.Debug|Any CPU.Build.0 = Debug|Any CPU
		{145A8E14-9599-4F0A-8803-6F4F521E1D5F}.Debug|x64.ActiveCfg = Debug|Any CPU
		{145A8E14-9599-4F0A-8803-6F4F521E1D5F}.Debug|x64.Build.0 = Debug|Any CPU
		{145A8E14-9599-4F0A-8803-6F4F521E1D5F}.Debug|x86.ActiveCfg = Debug|Any CPU
		{145A8E14-9599-4F0A-8803-6F4F521E1D5F}.Debug|x86.Build.0 = Debug|Any CPU
		{145A8E14-9599-4F0A-8803-6F4F521E1D5F}.Release|Any CPU.ActiveCfg = Release|Any CPU
		{145A8E14-9599-4F0A-8803-6F4F521E1D5F}.Release|Any CPU.Build.0 = Release|Any CPU
		{145A8E14-9599-4F0A-8803-6F4F521E1D5F}.Release|x64.ActiveCfg = Release|Any CPU
		{145A8E14-9599-4F0A-8803-6F4F521E1D5F}.Release|x64.Build.0 = Release|Any CPU
		{145A8E14-9599-4F0A-8803-6F4F521E1D5F}.Release|x86.ActiveCfg = Release|Any CPU
		{145A8E14-9599-4F0A-8803-6F4F521E1D5F}.Release|x86.Build.0 = Release|Any CPU
		{5879D64B-0912-4B8A-9400-4957FECA5A04}.Debug|Any CPU.ActiveCfg = Debug|Any CPU
		{5879D64B-0912-4B8A-9400-4957FECA5A04}.Debug|Any CPU.Build.0 = Debug|Any CPU
		{5879D64B-0912-4B8A-9400-4957FECA5A04}.Debug|x64.ActiveCfg = Debug|Any CPU
		{5879D64B-0912-4B8A-9400-4957FECA5A04}.Debug|x64.Build.0 = Debug|Any CPU
		{5879D64B-0912-4B8A-9400-4957FECA5A04}.Debug|x86.ActiveCfg = Debug|Any CPU
		{5879D64B-0912-4B8A-9400-4957FECA5A04}.Debug|x86.Build.0 = Debug|Any CPU
		{5879D64B-0912-4B8A-9400-4957FECA5A04}.Release|Any CPU.ActiveCfg = Release|Any CPU
		{5879D64B-0912-4B8A-9400-4957FECA5A04}.Release|Any CPU.Build.0 = Release|Any CPU
		{5879D64B-0912-4B8A-9400-4957FECA5A04}.Release|x64.ActiveCfg = Release|Any CPU
		{5879D64B-0912-4B8A-9400-4957FECA5A04}.Release|x64.Build.0 = Release|Any CPU
		{5879D64B-0912-4B8A-9400-4957FECA5A04}.Release|x86.ActiveCfg = Release|Any CPU
		{5879D64B-0912-4B8A-9400-4957FECA5A04}.Release|x86.Build.0 = Release|Any CPU
		{15109104-8BC5-4AE1-BD22-377D0F742ADF}.Debug|Any CPU.ActiveCfg = Debug|Any CPU
		{15109104-8BC5-4AE1-BD22-377D0F742ADF}.Debug|Any CPU.Build.0 = Debug|Any CPU
		{15109104-8BC5-4AE1-BD22-377D0F742ADF}.Debug|x64.ActiveCfg = Debug|Any CPU
		{15109104-8BC5-4AE1-BD22-377D0F742ADF}.Debug|x64.Build.0 = Debug|Any CPU
		{15109104-8BC5-4AE1-BD22-377D0F742ADF}.Debug|x86.ActiveCfg = Debug|Any CPU
		{15109104-8BC5-4AE1-BD22-377D0F742ADF}.Debug|x86.Build.0 = Debug|Any CPU
		{15109104-8BC5-4AE1-BD22-377D0F742ADF}.Release|Any CPU.ActiveCfg = Release|Any CPU
		{15109104-8BC5-4AE1-BD22-377D0F742ADF}.Release|Any CPU.Build.0 = Release|Any CPU
		{15109104-8BC5-4AE1-BD22-377D0F742ADF}.Release|x64.ActiveCfg = Release|Any CPU
		{15109104-8BC5-4AE1-BD22-377D0F742ADF}.Release|x64.Build.0 = Release|Any CPU
		{15109104-8BC5-4AE1-BD22-377D0F742ADF}.Release|x86.ActiveCfg = Release|Any CPU
		{15109104-8BC5-4AE1-BD22-377D0F742ADF}.Release|x86.Build.0 = Release|Any CPU
		{8B2C1507-C792-44D5-B4C2-0F347853DFB2}.Debug|Any CPU.ActiveCfg = Debug|Any CPU
		{8B2C1507-C792-44D5-B4C2-0F347853DFB2}.Debug|Any CPU.Build.0 = Debug|Any CPU
		{8B2C1507-C792-44D5-B4C2-0F347853DFB2}.Debug|x64.ActiveCfg = Debug|Any CPU
		{8B2C1507-C792-44D5-B4C2-0F347853DFB2}.Debug|x64.Build.0 = Debug|Any CPU
		{8B2C1507-C792-44D5-B4C2-0F347853DFB2}.Debug|x86.ActiveCfg = Debug|Any CPU
		{8B2C1507-C792-44D5-B4C2-0F347853DFB2}.Debug|x86.Build.0 = Debug|Any CPU
		{8B2C1507-C792-44D5-B4C2-0F347853DFB2}.Release|Any CPU.ActiveCfg = Release|Any CPU
		{8B2C1507-C792-44D5-B4C2-0F347853DFB2}.Release|Any CPU.Build.0 = Release|Any CPU
		{8B2C1507-C792-44D5-B4C2-0F347853DFB2}.Release|x64.ActiveCfg = Release|Any CPU
		{8B2C1507-C792-44D5-B4C2-0F347853DFB2}.Release|x64.Build.0 = Release|Any CPU
		{8B2C1507-C792-44D5-B4C2-0F347853DFB2}.Release|x86.ActiveCfg = Release|Any CPU
		{8B2C1507-C792-44D5-B4C2-0F347853DFB2}.Release|x86.Build.0 = Release|Any CPU
		{2C2192A5-C53D-4467-8979-E51D71ABD432}.Debug|Any CPU.ActiveCfg = Debug|Any CPU
		{2C2192A5-C53D-4467-8979-E51D71ABD432}.Debug|Any CPU.Build.0 = Debug|Any CPU
		{2C2192A5-C53D-4467-8979-E51D71ABD432}.Debug|x64.ActiveCfg = Debug|Any CPU
		{2C2192A5-C53D-4467-8979-E51D71ABD432}.Debug|x64.Build.0 = Debug|Any CPU
		{2C2192A5-C53D-4467-8979-E51D71ABD432}.Debug|x86.ActiveCfg = Debug|Any CPU
		{2C2192A5-C53D-4467-8979-E51D71ABD432}.Debug|x86.Build.0 = Debug|Any CPU
		{2C2192A5-C53D-4467-8979-E51D71ABD432}.Release|Any CPU.ActiveCfg = Release|Any CPU
		{2C2192A5-C53D-4467-8979-E51D71ABD432}.Release|Any CPU.Build.0 = Release|Any CPU
		{2C2192A5-C53D-4467-8979-E51D71ABD432}.Release|x64.ActiveCfg = Release|Any CPU
		{2C2192A5-C53D-4467-8979-E51D71ABD432}.Release|x64.Build.0 = Release|Any CPU
		{2C2192A5-C53D-4467-8979-E51D71ABD432}.Release|x86.ActiveCfg = Release|Any CPU
		{2C2192A5-C53D-4467-8979-E51D71ABD432}.Release|x86.Build.0 = Release|Any CPU
		{4F27E53B-BA73-4A12-AA32-C74FF692C8F8}.Debug|Any CPU.ActiveCfg = Debug|Any CPU
		{4F27E53B-BA73-4A12-AA32-C74FF692C8F8}.Debug|Any CPU.Build.0 = Debug|Any CPU
		{4F27E53B-BA73-4A12-AA32-C74FF692C8F8}.Debug|x64.ActiveCfg = Debug|Any CPU
		{4F27E53B-BA73-4A12-AA32-C74FF692C8F8}.Debug|x64.Build.0 = Debug|Any CPU
		{4F27E53B-BA73-4A12-AA32-C74FF692C8F8}.Debug|x86.ActiveCfg = Debug|Any CPU
		{4F27E53B-BA73-4A12-AA32-C74FF692C8F8}.Debug|x86.Build.0 = Debug|Any CPU
		{4F27E53B-BA73-4A12-AA32-C74FF692C8F8}.Release|Any CPU.ActiveCfg = Release|Any CPU
		{4F27E53B-BA73-4A12-AA32-C74FF692C8F8}.Release|Any CPU.Build.0 = Release|Any CPU
		{4F27E53B-BA73-4A12-AA32-C74FF692C8F8}.Release|x64.ActiveCfg = Release|Any CPU
		{4F27E53B-BA73-4A12-AA32-C74FF692C8F8}.Release|x64.Build.0 = Release|Any CPU
		{4F27E53B-BA73-4A12-AA32-C74FF692C8F8}.Release|x86.ActiveCfg = Release|Any CPU
		{4F27E53B-BA73-4A12-AA32-C74FF692C8F8}.Release|x86.Build.0 = Release|Any CPU
		{694CAFBE-462C-4F36-85C2-EF96E4F8804D}.Debug|Any CPU.ActiveCfg = Debug|Any CPU
		{694CAFBE-462C-4F36-85C2-EF96E4F8804D}.Debug|Any CPU.Build.0 = Debug|Any CPU
		{694CAFBE-462C-4F36-85C2-EF96E4F8804D}.Debug|x64.ActiveCfg = Debug|Any CPU
		{694CAFBE-462C-4F36-85C2-EF96E4F8804D}.Debug|x64.Build.0 = Debug|Any CPU
		{694CAFBE-462C-4F36-85C2-EF96E4F8804D}.Debug|x86.ActiveCfg = Debug|Any CPU
		{694CAFBE-462C-4F36-85C2-EF96E4F8804D}.Debug|x86.Build.0 = Debug|Any CPU
		{694CAFBE-462C-4F36-85C2-EF96E4F8804D}.Release|Any CPU.ActiveCfg = Release|Any CPU
		{694CAFBE-462C-4F36-85C2-EF96E4F8804D}.Release|Any CPU.Build.0 = Release|Any CPU
		{694CAFBE-462C-4F36-85C2-EF96E4F8804D}.Release|x64.ActiveCfg = Release|Any CPU
		{694CAFBE-462C-4F36-85C2-EF96E4F8804D}.Release|x64.Build.0 = Release|Any CPU
		{694CAFBE-462C-4F36-85C2-EF96E4F8804D}.Release|x86.ActiveCfg = Release|Any CPU
		{694CAFBE-462C-4F36-85C2-EF96E4F8804D}.Release|x86.Build.0 = Release|Any CPU
		{D0A3C98F-4CDF-4E52-A560-8B4DB9E82E2C}.Debug|Any CPU.ActiveCfg = Debug|Any CPU
		{D0A3C98F-4CDF-4E52-A560-8B4DB9E82E2C}.Debug|Any CPU.Build.0 = Debug|Any CPU
		{D0A3C98F-4CDF-4E52-A560-8B4DB9E82E2C}.Debug|x64.ActiveCfg = Debug|Any CPU
		{D0A3C98F-4CDF-4E52-A560-8B4DB9E82E2C}.Debug|x64.Build.0 = Debug|Any CPU
		{D0A3C98F-4CDF-4E52-A560-8B4DB9E82E2C}.Debug|x86.ActiveCfg = Debug|Any CPU
		{D0A3C98F-4CDF-4E52-A560-8B4DB9E82E2C}.Debug|x86.Build.0 = Debug|Any CPU
		{D0A3C98F-4CDF-4E52-A560-8B4DB9E82E2C}.Release|Any CPU.ActiveCfg = Release|Any CPU
		{D0A3C98F-4CDF-4E52-A560-8B4DB9E82E2C}.Release|Any CPU.Build.0 = Release|Any CPU
		{D0A3C98F-4CDF-4E52-A560-8B4DB9E82E2C}.Release|x64.ActiveCfg = Release|Any CPU
		{D0A3C98F-4CDF-4E52-A560-8B4DB9E82E2C}.Release|x64.Build.0 = Release|Any CPU
		{D0A3C98F-4CDF-4E52-A560-8B4DB9E82E2C}.Release|x86.ActiveCfg = Release|Any CPU
		{D0A3C98F-4CDF-4E52-A560-8B4DB9E82E2C}.Release|x86.Build.0 = Release|Any CPU
		{CB11C572-55B1-46BF-980A-A6E1D1002F8F}.Debug|Any CPU.ActiveCfg = Debug|Any CPU
		{CB11C572-55B1-46BF-980A-A6E1D1002F8F}.Debug|Any CPU.Build.0 = Debug|Any CPU
		{CB11C572-55B1-46BF-980A-A6E1D1002F8F}.Debug|x64.ActiveCfg = Debug|Any CPU
		{CB11C572-55B1-46BF-980A-A6E1D1002F8F}.Debug|x64.Build.0 = Debug|Any CPU
		{CB11C572-55B1-46BF-980A-A6E1D1002F8F}.Debug|x86.ActiveCfg = Debug|Any CPU
		{CB11C572-55B1-46BF-980A-A6E1D1002F8F}.Debug|x86.Build.0 = Debug|Any CPU
		{CB11C572-55B1-46BF-980A-A6E1D1002F8F}.Release|Any CPU.ActiveCfg = Release|Any CPU
		{CB11C572-55B1-46BF-980A-A6E1D1002F8F}.Release|Any CPU.Build.0 = Release|Any CPU
		{CB11C572-55B1-46BF-980A-A6E1D1002F8F}.Release|x64.ActiveCfg = Release|Any CPU
		{CB11C572-55B1-46BF-980A-A6E1D1002F8F}.Release|x64.Build.0 = Release|Any CPU
		{CB11C572-55B1-46BF-980A-A6E1D1002F8F}.Release|x86.ActiveCfg = Release|Any CPU
		{CB11C572-55B1-46BF-980A-A6E1D1002F8F}.Release|x86.Build.0 = Release|Any CPU
		{3A0576A9-FB05-425C-AF3F-F3468F02483A}.Debug|Any CPU.ActiveCfg = Debug|Any CPU
		{3A0576A9-FB05-425C-AF3F-F3468F02483A}.Debug|Any CPU.Build.0 = Debug|Any CPU
		{3A0576A9-FB05-425C-AF3F-F3468F02483A}.Debug|x64.ActiveCfg = Debug|Any CPU
		{3A0576A9-FB05-425C-AF3F-F3468F02483A}.Debug|x64.Build.0 = Debug|Any CPU
		{3A0576A9-FB05-425C-AF3F-F3468F02483A}.Debug|x86.ActiveCfg = Debug|Any CPU
		{3A0576A9-FB05-425C-AF3F-F3468F02483A}.Debug|x86.Build.0 = Debug|Any CPU
		{3A0576A9-FB05-425C-AF3F-F3468F02483A}.Release|Any CPU.ActiveCfg = Release|Any CPU
		{3A0576A9-FB05-425C-AF3F-F3468F02483A}.Release|Any CPU.Build.0 = Release|Any CPU
		{3A0576A9-FB05-425C-AF3F-F3468F02483A}.Release|x64.ActiveCfg = Release|Any CPU
		{3A0576A9-FB05-425C-AF3F-F3468F02483A}.Release|x64.Build.0 = Release|Any CPU
		{3A0576A9-FB05-425C-AF3F-F3468F02483A}.Release|x86.ActiveCfg = Release|Any CPU
		{3A0576A9-FB05-425C-AF3F-F3468F02483A}.Release|x86.Build.0 = Release|Any CPU
		{403A52D2-6E77-42BD-A94D-B8BCB57C7AE1}.Debug|Any CPU.ActiveCfg = Debug|Any CPU
		{403A52D2-6E77-42BD-A94D-B8BCB57C7AE1}.Debug|Any CPU.Build.0 = Debug|Any CPU
		{403A52D2-6E77-42BD-A94D-B8BCB57C7AE1}.Debug|x64.ActiveCfg = Debug|Any CPU
		{403A52D2-6E77-42BD-A94D-B8BCB57C7AE1}.Debug|x64.Build.0 = Debug|Any CPU
		{403A52D2-6E77-42BD-A94D-B8BCB57C7AE1}.Debug|x86.ActiveCfg = Debug|Any CPU
		{403A52D2-6E77-42BD-A94D-B8BCB57C7AE1}.Debug|x86.Build.0 = Debug|Any CPU
		{403A52D2-6E77-42BD-A94D-B8BCB57C7AE1}.Release|Any CPU.ActiveCfg = Release|Any CPU
		{403A52D2-6E77-42BD-A94D-B8BCB57C7AE1}.Release|Any CPU.Build.0 = Release|Any CPU
		{403A52D2-6E77-42BD-A94D-B8BCB57C7AE1}.Release|x64.ActiveCfg = Release|Any CPU
		{403A52D2-6E77-42BD-A94D-B8BCB57C7AE1}.Release|x64.Build.0 = Release|Any CPU
		{403A52D2-6E77-42BD-A94D-B8BCB57C7AE1}.Release|x86.ActiveCfg = Release|Any CPU
		{403A52D2-6E77-42BD-A94D-B8BCB57C7AE1}.Release|x86.Build.0 = Release|Any CPU
		{E9F8F7E9-1637-4F35-A652-3C69A3A31696}.Debug|Any CPU.ActiveCfg = Debug|Any CPU
		{E9F8F7E9-1637-4F35-A652-3C69A3A31696}.Debug|Any CPU.Build.0 = Debug|Any CPU
		{E9F8F7E9-1637-4F35-A652-3C69A3A31696}.Debug|x64.ActiveCfg = Debug|Any CPU
		{E9F8F7E9-1637-4F35-A652-3C69A3A31696}.Debug|x64.Build.0 = Debug|Any CPU
		{E9F8F7E9-1637-4F35-A652-3C69A3A31696}.Debug|x86.ActiveCfg = Debug|Any CPU
		{E9F8F7E9-1637-4F35-A652-3C69A3A31696}.Debug|x86.Build.0 = Debug|Any CPU
		{E9F8F7E9-1637-4F35-A652-3C69A3A31696}.Release|Any CPU.ActiveCfg = Release|Any CPU
		{E9F8F7E9-1637-4F35-A652-3C69A3A31696}.Release|Any CPU.Build.0 = Release|Any CPU
		{E9F8F7E9-1637-4F35-A652-3C69A3A31696}.Release|x64.ActiveCfg = Release|Any CPU
		{E9F8F7E9-1637-4F35-A652-3C69A3A31696}.Release|x64.Build.0 = Release|Any CPU
		{E9F8F7E9-1637-4F35-A652-3C69A3A31696}.Release|x86.ActiveCfg = Release|Any CPU
		{E9F8F7E9-1637-4F35-A652-3C69A3A31696}.Release|x86.Build.0 = Release|Any CPU
	EndGlobalSection
	GlobalSection(SolutionProperties) = preSolution
		HideSolutionNode = FALSE
	EndGlobalSection
	GlobalSection(NestedProjects) = preSolution
		{9660B934-B539-462E-BD1F-433F5F636566} = {A6A23196-6198-45C6-50E2-1F8E733F58F0}
		{51018278-2A43-403D-960A-12EC80FF69E8} = {A6A23196-6198-45C6-50E2-1F8E733F58F0}
		{00DF01CD-E8A9-437E-8EB3-6C9B894910FA} = {A6A23196-6198-45C6-50E2-1F8E733F58F0}
		{2ED2A1A9-E35E-4762-8D60-82C52B2C41D6} = {A6A23196-6198-45C6-50E2-1F8E733F58F0}
		{6B2BCD81-F27F-4E30-92C9-05332BBCEB92} = {A6A23196-6198-45C6-50E2-1F8E733F58F0}
		{86370D2D-47E6-4226-A495-9D68014FA27D} = {A6A23196-6198-45C6-50E2-1F8E733F58F0}
		{C3D1312D-5E97-410B-BDAC-3971D6ABAF26} = {A6A23196-6198-45C6-50E2-1F8E733F58F0}
		{82448A43-C603-483F-8B70-FA1D020F1FAD} = {A6A23196-6198-45C6-50E2-1F8E733F58F0}
		{10C71FE3-AC16-4901-9CF1-755A5193DFA5} = {A6A23196-6198-45C6-50E2-1F8E733F58F0}
		{F4DC5433-04AE-44E9-9F28-69EE4D9DBCF4} = {A6A23196-6198-45C6-50E2-1F8E733F58F0}
		{D422BF43-BB91-4074-8C39-5858A75E9A4B} = {A6A23196-6198-45C6-50E2-1F8E733F58F0}
		{A10BD7B9-A8DF-40DF-90D2-B4EBBCAC069C} = {31D9FFF0-CA05-EF9B-F6DB-792D71E9EEF4}
		{58804029-24F4-4649-A473-B55FC7980838} = {31D9FFF0-CA05-EF9B-F6DB-792D71E9EEF4}
		{F4C1409B-EB48-4513-A24A-F8B67232310D} = {31D9FFF0-CA05-EF9B-F6DB-792D71E9EEF4}
		{544ED425-8CBF-4F72-9123-F6D184EDFEDE} = {31D9FFF0-CA05-EF9B-F6DB-792D71E9EEF4}
		{145A8E14-9599-4F0A-8803-6F4F521E1D5F} = {31D9FFF0-CA05-EF9B-F6DB-792D71E9EEF4}
		{5879D64B-0912-4B8A-9400-4957FECA5A04} = {31D9FFF0-CA05-EF9B-F6DB-792D71E9EEF4}
		{15109104-8BC5-4AE1-BD22-377D0F742ADF} = {31D9FFF0-CA05-EF9B-F6DB-792D71E9EEF4}
		{8B2C1507-C792-44D5-B4C2-0F347853DFB2} = {31D9FFF0-CA05-EF9B-F6DB-792D71E9EEF4}
		{2C2192A5-C53D-4467-8979-E51D71ABD432} = {31D9FFF0-CA05-EF9B-F6DB-792D71E9EEF4}
		{4F27E53B-BA73-4A12-AA32-C74FF692C8F8} = {3ECFE325-CE6D-BF3F-F148-32EB18378828}
		{694CAFBE-462C-4F36-85C2-EF96E4F8804D} = {3ECFE325-CE6D-BF3F-F148-32EB18378828}
		{D0A3C98F-4CDF-4E52-A560-8B4DB9E82E2C} = {3ECFE325-CE6D-BF3F-F148-32EB18378828}
		{CB11C572-55B1-46BF-980A-A6E1D1002F8F} = {3ECFE325-CE6D-BF3F-F148-32EB18378828}
		{3A0576A9-FB05-425C-AF3F-F3468F02483A} = {3ECFE325-CE6D-BF3F-F148-32EB18378828}
		{403A52D2-6E77-42BD-A94D-B8BCB57C7AE1} = {3ECFE325-CE6D-BF3F-F148-32EB18378828}
		{E9F8F7E9-1637-4F35-A652-3C69A3A31696} = {3ECFE325-CE6D-BF3F-F148-32EB18378828}
	EndGlobalSection
EndGlobal
