
Microsoft Visual Studio Solution File, Format Version 12.00
# Visual Studio Version 17
VisualStudioVersion = 17.0.31903.59
MinimumVisualStudioVersion = 10.0.40219.1
Project("{2150E333-8FDC-42A3-9474-1A3956D46DE8}") = "1. First Steps In Coding - Lab", "1. First Steps In Coding - Lab", "{A6A23196-6198-45C6-50E2-1F8E733F58F0}"
EndProject
Project("{FAE04EC0-301F-11D3-BF4B-00C04F79EFBC}") = "helloSoftuni", "1. First Steps In Coding - Lab\helloSoftuni\helloSoftuni.csproj", "{9660B934-B539-462E-BD1F-433F5F636566}"
EndProject
Project("{FAE04EC0-301F-11D3-BF4B-00C04F79EFBC}") = "nums1To10", "1. First Steps In Coding - Lab\nums1To10\nums1To10.csproj", "{51018278-2A43-403D-960A-12EC80FF69E8}"
EndProject
Project("{FAE04EC0-301F-11D3-BF4B-00C04F79EFBC}") = "1_helloSoftUni", "1. First Steps In Coding - Lab\1_helloSoftUni\1_helloSoftUni.csproj", "{00DF01CD-E8A9-437E-8EB3-6C9B894910FA}"
EndProject
Project("{FAE04EC0-301F-11D3-BF4B-00C04F79EFBC}") = "2_nums1To10", "1. First Steps In Coding - Lab\2_nums1To10\2_nums1To10.csproj", "{2ED2A1A9-E35E-4762-8D60-82C52B2C41D6}"
EndProject
Project("{FAE04EC0-301F-11D3-BF4B-00C04F79EFBC}") = "3_rectangleArea", "3_rectangleArea\3_rectangleArea.csproj", "{33FD7067-F170-46E4-83DA-812FE64B4DA1}"
EndProject
Project("{FAE04EC0-301F-11D3-BF4B-00C04F79EFBC}") = "3_rectangleArea", "1. First Steps In Coding - Lab\3_rectangleArea\3_rectangleArea.csproj", "{6B2BCD81-F27F-4E30-92C9-05332BBCEB92}"
EndProject
Project("{FAE04EC0-301F-11D3-BF4B-00C04F79EFBC}") = "4_inchesToCentimeters", "1. First Steps In Coding - Lab\4_inchesToCentimeters\4_inchesToCentimeters.csproj", "{86370D2D-47E6-4226-A495-9D68014FA27D}"
EndProject
Project("{FAE04EC0-301F-11D3-BF4B-00C04F79EFBC}") = "5_greetingByName", "1. First Steps In Coding - Lab\5_greetingByName\5_greetingByName.csproj", "{C3D1312D-5E97-410B-BDAC-3971D6ABAF26}"
EndProject
Project("{FAE04EC0-301F-11D3-BF4B-00C04F79EFBC}") = "6_concatenateData", "1. First Steps In Coding - Lab\6_concatenateData\6_concatenateData.csproj", "{82448A43-C603-483F-8B70-FA1D020F1FAD}"
EndProject
Project("{FAE04EC0-301F-11D3-BF4B-00C04F79EFBC}") = "7_projectsCreation", "1. First Steps In Coding - Lab\7_projectsCreation\7_projectsCreation.csproj", "{10C71FE3-AC16-4901-9CF1-755A5193DFA5}"
EndProject
Project("{FAE04EC0-301F-11D3-BF4B-00C04F79EFBC}") = "8_petShop", "1. First Steps In Coding - Lab\8_petShop\8_petShop.csproj", "{F4DC5433-04AE-44E9-9F28-69EE4D9DBCF4}"
EndProject
Project("{FAE04EC0-301F-11D3-BF4B-00C04F79EFBC}") = "9_yardGreening", "1. First Steps In Coding - Lab\9_yardGreening\9_yardGreening.csproj", "{D422BF43-BB91-4074-8C39-5858A75E9A4B}"
EndProject
Project("{2150E333-8FDC-42A3-9474-1A3956D46DE8}") = "1. First Steps In Coding - Exercise", "1. First Steps In Coding - Exercise", "{31D9FFF0-CA05-EF9B-F6DB-792D71E9EEF4}"
EndProject
Project("{FAE04EC0-301F-11D3-BF4B-00C04F79EFBC}") = "1_usdToBgn", "1. First Steps In Coding - Exercise\1_usdToBgn\1_usdToBgn.csproj", "{A10BD7B9-A8DF-40DF-90D2-B4EBBCAC069C}"
EndProject
Project("{FAE04EC0-301F-11D3-BF4B-00C04F79EFBC}") = "2_radiansToDegrees", "1. First Steps In Coding - Exercise\2_radiansToDegrees\2_radiansToDegrees.csproj", "{58804029-24F4-4649-A473-B55FC7980838}"
EndProject
Project("{FAE04EC0-301F-11D3-BF4B-00C04F79EFBC}") = "3_depositCalculator", "1. First Steps In Coding - Exercise\3_depositCalculator\3_depositCalculator.csproj", "{F4C1409B-EB48-4513-A24A-F8B67232310D}"
EndProject
Project("{FAE04EC0-301F-11D3-BF4B-00C04F79EFBC}") = "4_vacationBooksList", "1. First Steps In Coding - Exercise\4_vacationBooksList\4_vacationBooksList.csproj", "{544ED425-8CBF-4F72-9123-F6D184EDFEDE}"
EndProject
Project("{FAE04EC0-301F-11D3-BF4B-00C04F79EFBC}") = "5_suppliesForSchool", "1. First Steps In Coding - Exercise\5_suppliesForSchool\5_suppliesForSchool.csproj", "{145A8E14-9599-4F0A-8803-6F4F521E1D5F}"
EndProject
Project("{FAE04EC0-301F-11D3-BF4B-00C04F79EFBC}") = "6_repainting", "1. First Steps In Coding - Exercise\6_repainting\6_repainting.csproj", "{5879D64B-0912-4B8A-9400-4957FECA5A04}"
EndProject
Project("{FAE04EC0-301F-11D3-BF4B-00C04F79EFBC}") = "7_foodDelivery", "1. First Steps In Coding - Exercise\7_foodDelivery\7_foodDelivery.csproj", "{15109104-8BC5-4AE1-BD22-377D0F742ADF}"
EndProject
Project("{FAE04EC0-301F-11D3-BF4B-00C04F79EFBC}") = "8_basketballEquipment", "1. First Steps In Coding - Exercise\8_basketballEquipment\8_basketballEquipment.csproj", "{8B2C1507-C792-44D5-B4C2-0F347853DFB2}"
EndProject
Project("{FAE04EC0-301F-11D3-BF4B-00C04F79EFBC}") = "9_fishTank", "1. First Steps In Coding - Exercise\9_fishTank\9_fishTank.csproj", "{2C2192A5-C53D-4467-8979-E51D71ABD432}"
EndProject
Project("{2150E333-8FDC-42A3-9474-1A3956D46DE8}") = "2. Conditional Statements - Lab", "2. Conditional Statements - Lab", "{3ECFE325-CE6D-BF3F-F148-32EB18378828}"
EndProject
Project("{FAE04EC0-301F-11D3-BF4B-00C04F79EFBC}") = "1_excellentResult", "2. Conditional Statements - Lab\1_excellentResult\1_excellentResult.csproj", "{4F27E53B-BA73-4A12-AA32-C74FF692C8F8}"
EndProject
Project("{FAE04EC0-301F-11D3-BF4B-00C04F79EFBC}") = "2_greaterNumber", "2. Conditional Statements - Lab\2_greaterNumber\2_greaterNumber.csproj", "{694CAFBE-462C-4F36-85C2-EF96E4F8804D}"
EndProject
Project("{FAE04EC0-301F-11D3-BF4B-00C04F79EFBC}") = "3_evenOrOdd", "2. Conditional Statements - Lab\3_evenOrOdd\3_evenOrOdd.csproj", "{D0A3C98F-4CDF-4E52-A560-8B4DB9E82E2C}"
EndProject
Project("{FAE04EC0-301F-11D3-BF4B-00C04F79EFBC}") = "4_passwordGuess", "2. Conditional Statements - Lab\4_passwordGuess\4_passwordGuess.csproj", "{CB11C572-55B1-46BF-980A-A6E1D1002F8F}"
EndProject
Project("{FAE04EC0-301F-11D3-BF4B-00C04F79EFBC}") = "5_number100To200", "2. Conditional Statements - Lab\5_number100To200\5_number100To200.csproj", "{3A0576A9-FB05-425C-AF3F-F3468F02483A}"
EndProject
Project("{FAE04EC0-301F-11D3-BF4B-00C04F79EFBC}") = "6_speedInfo", "2. Conditional Statements - Lab\6_speedInfo\6_speedInfo.csproj", "{403A52D2-6E77-42BD-A94D-B8BCB57C7AE1}"
EndProject
Project("{FAE04EC0-301F-11D3-BF4B-00C04F79EFBC}") = "7_areaOfFigures", "2. Conditional Statements - Lab\7_areaOfFigures\7_areaOfFigures.csproj", "{E9F8F7E9-1637-4F35-A652-3C69A3A31696}"
EndProject
Project("{2150E333-8FDC-42A3-9474-1A3956D46DE8}") = "2. Conditional Statements - Exercise", "2. Conditional Statements - Exercise", "{AB402B99-CE95-7119-2BD2-29DE898425A4}"
EndProject
Project("{FAE04EC0-301F-11D3-BF4B-00C04F79EFBC}") = "1_sumSeconds", "2. Conditional Statements - Exercise\1_sumSeconds\1_sumSeconds.csproj", "{E27707BA-8782-4BD0-AE62-B74D96CB891D}"
EndProject
Project("{FAE04EC0-301F-11D3-BF4B-00C04F79EFBC}") = "2_bonusScore", "2. Conditional Statements - Exercise\2_bonusScore\2_bonusScore.csproj", "{EB9AE391-3E96-4CD9-947F-6E9E184BADFC}"
EndProject
Project("{FAE04EC0-301F-11D3-BF4B-00C04F79EFBC}") = "3_timePlus15Minutes", "2. Conditional Statements - Exercise\3_timePlus15Minutes\3_timePlus15Minutes.csproj", "{F6E9A761-098F-4391-9E62-ED61B67ADC53}"
EndProject
Project("{FAE04EC0-301F-11D3-BF4B-00C04F79EFBC}") = "4_toyShop", "2. Conditional Statements - Exercise\4_toyShop\4_toyShop.csproj", "{80FF264A-996D-4382-9B75-90D1C47CAE83}"
EndProject
Project("{FAE04EC0-301F-11D3-BF4B-00C04F79EFBC}") = "5_godzillaVsKong", "2. Conditional Statements - Exercise\5_godzillaVsKong\5_godzillaVsKong.csproj", "{C13A41CD-A176-4971-B98C-092B0D75966E}"
EndProject
Project("{FAE04EC0-301F-11D3-BF4B-00C04F79EFBC}") = "6_worldSwimmingRecord", "2. Conditional Statements - Exercise\6_worldSwimmingRecord\6_worldSwimmingRecord.csproj", "{62CAAAAE-A71B-4D98-8C1D-497AC849A96B}"
EndProject
Project("{FAE04EC0-301F-11D3-BF4B-00C04F79EFBC}") = "7_shopping", "2. Conditional Statements - Exercise\7_shopping\7_shopping.csproj", "{FF0587A4-AB9D-4297-96E8-3F3EE3F0A2F6}"
EndProject
Project("{FAE04EC0-301F-11D3-BF4B-00C04F79EFBC}") = "8_lunchBreak", "2. Conditional Statements - Exercise\8_lunchBreak\8_lunchBreak.csproj", "{D00E9EA6-953E-41AA-A316-2834D69DC491}"
EndProject
Project("{2150E333-8FDC-42A3-9474-1A3956D46DE8}") = "3. Conditional Statements Advanced - Lab", "3. Conditional Statements Advanced - Lab", "{78817D9B-5481-CF30-A3D8-D20690CC8D31}"
EndProject
Project("{FAE04EC0-301F-11D3-BF4B-00C04F79EFBC}") = "1_dayOfWeek", "3. Conditional Statements Advanced - Lab\1_dayOfWeek\1_dayOfWeek.csproj", "{E7EBE423-5A64-4E65-8BDC-3920209E7F55}"
EndProject
Project("{FAE04EC0-301F-11D3-BF4B-00C04F79EFBC}") = "2_weekendOrWorkingDay", "3. Conditional Statements Advanced - Lab\2_weekendOrWorkingDay\2_weekendOrWorkingDay.csproj", "{1541D4B6-CA65-4CC4-A8FD-04BD2D679A03}"
EndProject
Project("{FAE04EC0-301F-11D3-BF4B-00C04F79EFBC}") = "3_animalType", "3. Conditional Statements Advanced - Lab\3_animalType\3_animalType.csproj", "{E006418A-7A91-485F-93AB-78364C6DC0C4}"
EndProject
Project("{FAE04EC0-301F-11D3-BF4B-00C04F79EFBC}") = "4_personalTitles", "3. Conditional Statements Advanced - Lab\4_personalTitles\4_personalTitles.csproj", "{1FB238F5-AAC9-4118-867F-C53A63720FC0}"
EndProject
Project("{FAE04EC0-301F-11D3-BF4B-00C04F79EFBC}") = "5_smallShop", "3. Conditional Statements Advanced - Lab\5_smallShop\5_smallShop.csproj", "{39AA9A4A-E235-471E-BA37-54FF8A6268A4}"
EndProject
Project("{FAE04EC0-301F-11D3-BF4B-00C04F79EFBC}") = "6_numberInRange", "3. Conditional Statements Advanced - Lab\6_numberInRange\6_numberInRange.csproj", "{6999F7EB-DBC5-4A7B-B886-D0B01706437A}"
EndProject
Project("{FAE04EC0-301F-11D3-BF4B-00C04F79EFBC}") = "7_workingHours", "3. Conditional Statements Advanced - Lab\7_workingHours\7_workingHours.csproj", "{64C93B80-A228-4C3C-A683-BE6B6AD6D31A}"
EndProject
Project("{FAE04EC0-301F-11D3-BF4B-00C04F79EFBC}") = "8_cinemaTicket", "3. Conditional Statements Advanced - Lab\8_cinemaTicket\8_cinemaTicket.csproj", "{8F733BC7-9868-4380-97D7-F353CFE77A8D}"
EndProject
Project("{FAE04EC0-301F-11D3-BF4B-00C04F79EFBC}") = "9_fruitOrVegetable", "3. Conditional Statements Advanced - Lab\9_fruitOrVegetable\9_fruitOrVegetable.csproj", "{6D853F82-6EDF-4062-AEE1-A64D84ACCAC8}"
EndProject
Project("{FAE04EC0-301F-11D3-BF4B-00C04F79EFBC}") = "10_invalidNumber", "3. Conditional Statements Advanced - Lab\10_invalidNumber\10_invalidNumber.csproj", "{D078D638-130C-4E3B-84C0-3BD9124F269D}"
EndProject
Project("{FAE04EC0-301F-11D3-BF4B-00C04F79EFBC}") = "11_fruitShop", "3. Conditional Statements Advanced - Lab\11_fruitShop\11_fruitShop.csproj", "{4C25D4F5-27ED-4233-9D67-9F105E2012D4}"
EndProject
Project("{FAE04EC0-301F-11D3-BF4B-00C04F79EFBC}") = "12_tradeCommissions", "3. Conditional Statements Advanced - Lab\12_tradeCommissions\12_tradeCommissions.csproj", "{BC3DD2B4-0ED0-469B-844B-947726ACBCAB}"
EndProject
Project("{2150E333-8FDC-42A3-9474-1A3956D46DE8}") = "3. Conditional Statements Advanced - Exercise", "3. Conditional Statements Advanced - Exercise", "{D909396F-F1BC-BBBE-F2BF-ADCAB38CE666}"
EndProject
Project("{FAE04EC0-301F-11D3-BF4B-00C04F79EFBC}") = "1_cinema", "3. Conditional Statements Advanced - Exercise\1_cinema\1_cinema.csproj", "{F8A1C08D-6CEA-4C9C-85EE-2AA58FBECD9E}"
EndProject
Project("{FAE04EC0-301F-11D3-BF4B-00C04F79EFBC}") = "2_summerOutfit", "3. Conditional Statements Advanced - Exercise\2_summerOutfit\2_summerOutfit.csproj", "{A6E07CF0-192A-4983-BAD9-1A2F94F462C1}"
EndProject
Project("{FAE04EC0-301F-11D3-BF4B-00C04F79EFBC}") = "3_newHouse", "3. Conditional Statements Advanced - Exercise\3_newHouse\3_newHouse.csproj", "{79A9242F-A78C-4BFB-A316-60B611D06B76}"
EndProject
Project("{FAE04EC0-301F-11D3-BF4B-00C04F79EFBC}") = "4_fishingBoat", "3. Conditional Statements Advanced - Exercise\4_fishingBoat\4_fishingBoat.csproj", "{28E1DEFF-57E1-4B83-B128-05771BB42FF2}"
EndProject
Project("{FAE04EC0-301F-11D3-BF4B-00C04F79EFBC}") = "5_journey", "3. Conditional Statements Advanced - Exercise\5_journey\5_journey.csproj", "{A7B1B132-B890-43BD-86DE-B553644AE7FC}"
EndProject
Project("{FAE04EC0-301F-11D3-BF4B-00C04F79EFBC}") = "6_operationsBetweenNumbers", "3. Conditional Statements Advanced - Exercise\6_operationsBetweenNumbers\6_operationsBetweenNumbers.csproj", "{1412C71F-D651-4464-ADD0-5EFF6276652F}"
EndProject
Project("{FAE04EC0-301F-11D3-BF4B-00C04F79EFBC}") = "7_hotelRoom", "3. Conditional Statements Advanced - Exercise\7_hotelRoom\7_hotelRoom.csproj", "{68E63A48-9257-4D4C-A76F-24CEB44D301F}"
EndProject
Project("{FAE04EC0-301F-11D3-BF4B-00C04F79EFBC}") = "8_onTimeForTheExam", "3. Conditional Statements Advanced - Exercise\8_onTimeForTheExam\8_onTimeForTheExam.csproj", "{92E36954-5C4C-4DAD-BDBC-6584A19E592B}"
EndProject
Project("{FAE04EC0-301F-11D3-BF4B-00C04F79EFBC}") = "9_skiTrip", "3. Conditional Statements Advanced - Exercise\9_skiTrip\9_skiTrip.csproj", "{BE208B40-84F0-4979-B178-241221507EA5}"
EndProject
Project("{2150E333-8FDC-42A3-9474-1A3956D46DE8}") = "4. For Loop - Lab", "4. For Loop - Lab", "{0AC7F4B4-0843-1B5E-8A69-65DCBEDACCE7}"
EndProject
Project("{FAE04EC0-301F-11D3-BF4B-00C04F79EFBC}") = "1_numbersFrom1To100", "4. For Loop - Lab\1_numbersFrom1To100\1_numbersFrom1To100.csproj", "{F0544BDB-A39A-4DD3-A596-B58D6E91DDBA}"
EndProject
Project("{FAE04EC0-301F-11D3-BF4B-00C04F79EFBC}") = "2_numbersNTo1", "4. For Loop - Lab\2_numbersNTo1\2_numbersNTo1.csproj", "{0706FA30-6D1C-4FD4-8204-85141A6A4908}"
EndProject
Project("{FAE04EC0-301F-11D3-BF4B-00C04F79EFBC}") = "3_numbersNTo1WithStep3", "4. For Loop - Lab\3_numbersNTo1WithStep3\3_numbersNTo1WithStep3.csproj", "{E8B8BA00-3963-4E83-9EFF-6090FA6C93D9}"
EndProject
Project("{FAE04EC0-301F-11D3-BF4B-00C04F79EFBC}") = "4_evenPowersOf2", "4. For Loop - Lab\4_evenPowersOf2\4_evenPowersOf2.csproj", "{7AD4DACA-D932-412F-961E-F60D89249589}"
EndProject
Project("{FAE04EC0-301F-11D3-BF4B-00C04F79EFBC}") = "5_characterSequence", "4. For Loop - Lab\5_characterSequence\5_characterSequence.csproj", "{78D45FBC-3180-4DDB-B5E7-A1CB9D273E07}"
EndProject
Project("{FAE04EC0-301F-11D3-BF4B-00C04F79EFBC}") = "6_vowelsSum", "4. For Loop - Lab\6_vowelsSum\6_vowelsSum.csproj", "{A35F4053-DC18-42E8-94F8-DA26DCD88DC6}"
EndProject
Project("{FAE04EC0-301F-11D3-BF4B-00C04F79EFBC}") = "7_sumNumbers", "4. For Loop - Lab\7_sumNumbers\7_sumNumbers.csproj", "{37296615-CCD6-44D0-BEFC-36886FC24191}"
EndProject
Project("{FAE04EC0-301F-11D3-BF4B-00C04F79EFBC}") = "8_numberSequence", "4. For Loop - Lab\8_numberSequence\8_numberSequence.csproj", "{E2B72E4C-F4A1-4C88-A2A3-411289554097}"
EndProject
Global
	GlobalSection(SolutionConfigurationPlatforms) = preSolution
		Debug|Any CPU = Debug|Any CPU
		Debug|x64 = Debug|x64
		Debug|x86 = Debug|x86
		Release|Any CPU = Release|Any CPU
		Release|x64 = Release|x64
		Release|x86 = Release|x86
	EndGlobalSection
	GlobalSection(ProjectConfigurationPlatforms) = postSolution
		{9660B934-B539-462E-BD1F-433F5F636566}.Debug|Any CPU.ActiveCfg = Debug|Any CPU
		{9660B934-B539-462E-BD1F-433F5F636566}.Debug|Any CPU.Build.0 = Debug|Any CPU
		{9660B934-B539-462E-BD1F-433F5F636566}.Debug|x64.ActiveCfg = Debug|Any CPU
		{9660B934-B539-462E-BD1F-433F5F636566}.Debug|x64.Build.0 = Debug|Any CPU
		{9660B934-B539-462E-BD1F-433F5F636566}.Debug|x86.ActiveCfg = Debug|Any CPU
		{9660B934-B539-462E-BD1F-433F5F636566}.Debug|x86.Build.0 = Debug|Any CPU
		{9660B934-B539-462E-BD1F-433F5F636566}.Release|Any CPU.ActiveCfg = Release|Any CPU
		{9660B934-B539-462E-BD1F-433F5F636566}.Release|Any CPU.Build.0 = Release|Any CPU
		{9660B934-B539-462E-BD1F-433F5F636566}.Release|x64.ActiveCfg = Release|Any CPU
		{9660B934-B539-462E-BD1F-433F5F636566}.Release|x64.Build.0 = Release|Any CPU
		{9660B934-B539-462E-BD1F-433F5F636566}.Release|x86.ActiveCfg = Release|Any CPU
		{9660B934-B539-462E-BD1F-433F5F636566}.Release|x86.Build.0 = Release|Any CPU
		{51018278-2A43-403D-960A-12EC80FF69E8}.Debug|Any CPU.ActiveCfg = Debug|Any CPU
		{51018278-2A43-403D-960A-12EC80FF69E8}.Debug|Any CPU.Build.0 = Debug|Any CPU
		{51018278-2A43-403D-960A-12EC80FF69E8}.Debug|x64.ActiveCfg = Debug|Any CPU
		{51018278-2A43-403D-960A-12EC80FF69E8}.Debug|x64.Build.0 = Debug|Any CPU
		{51018278-2A43-403D-960A-12EC80FF69E8}.Debug|x86.ActiveCfg = Debug|Any CPU
		{51018278-2A43-403D-960A-12EC80FF69E8}.Debug|x86.Build.0 = Debug|Any CPU
		{51018278-2A43-403D-960A-12EC80FF69E8}.Release|Any CPU.ActiveCfg = Release|Any CPU
		{51018278-2A43-403D-960A-12EC80FF69E8}.Release|Any CPU.Build.0 = Release|Any CPU
		{51018278-2A43-403D-960A-12EC80FF69E8}.Release|x64.ActiveCfg = Release|Any CPU
		{51018278-2A43-403D-960A-12EC80FF69E8}.Release|x64.Build.0 = Release|Any CPU
		{51018278-2A43-403D-960A-12EC80FF69E8}.Release|x86.ActiveCfg = Release|Any CPU
		{51018278-2A43-403D-960A-12EC80FF69E8}.Release|x86.Build.0 = Release|Any CPU
		{00DF01CD-E8A9-437E-8EB3-6C9B894910FA}.Debug|Any CPU.ActiveCfg = Debug|Any CPU
		{00DF01CD-E8A9-437E-8EB3-6C9B894910FA}.Debug|Any CPU.Build.0 = Debug|Any CPU
		{00DF01CD-E8A9-437E-8EB3-6C9B894910FA}.Debug|x64.ActiveCfg = Debug|Any CPU
		{00DF01CD-E8A9-437E-8EB3-6C9B894910FA}.Debug|x64.Build.0 = Debug|Any CPU
		{00DF01CD-E8A9-437E-8EB3-6C9B894910FA}.Debug|x86.ActiveCfg = Debug|Any CPU
		{00DF01CD-E8A9-437E-8EB3-6C9B894910FA}.Debug|x86.Build.0 = Debug|Any CPU
		{00DF01CD-E8A9-437E-8EB3-6C9B894910FA}.Release|Any CPU.ActiveCfg = Release|Any CPU
		{00DF01CD-E8A9-437E-8EB3-6C9B894910FA}.Release|Any CPU.Build.0 = Release|Any CPU
		{00DF01CD-E8A9-437E-8EB3-6C9B894910FA}.Release|x64.ActiveCfg = Release|Any CPU
		{00DF01CD-E8A9-437E-8EB3-6C9B894910FA}.Release|x64.Build.0 = Release|Any CPU
		{00DF01CD-E8A9-437E-8EB3-6C9B894910FA}.Release|x86.ActiveCfg = Release|Any CPU
		{00DF01CD-E8A9-437E-8EB3-6C9B894910FA}.Release|x86.Build.0 = Release|Any CPU
		{2ED2A1A9-E35E-4762-8D60-82C52B2C41D6}.Debug|Any CPU.ActiveCfg = Debug|Any CPU
		{2ED2A1A9-E35E-4762-8D60-82C52B2C41D6}.Debug|Any CPU.Build.0 = Debug|Any CPU
		{2ED2A1A9-E35E-4762-8D60-82C52B2C41D6}.Debug|x64.ActiveCfg = Debug|Any CPU
		{2ED2A1A9-E35E-4762-8D60-82C52B2C41D6}.Debug|x64.Build.0 = Debug|Any CPU
		{2ED2A1A9-E35E-4762-8D60-82C52B2C41D6}.Debug|x86.ActiveCfg = Debug|Any CPU
		{2ED2A1A9-E35E-4762-8D60-82C52B2C41D6}.Debug|x86.Build.0 = Debug|Any CPU
		{2ED2A1A9-E35E-4762-8D60-82C52B2C41D6}.Release|Any CPU.ActiveCfg = Release|Any CPU
		{2ED2A1A9-E35E-4762-8D60-82C52B2C41D6}.Release|Any CPU.Build.0 = Release|Any CPU
		{2ED2A1A9-E35E-4762-8D60-82C52B2C41D6}.Release|x64.ActiveCfg = Release|Any CPU
		{2ED2A1A9-E35E-4762-8D60-82C52B2C41D6}.Release|x64.Build.0 = Release|Any CPU
		{2ED2A1A9-E35E-4762-8D60-82C52B2C41D6}.Release|x86.ActiveCfg = Release|Any CPU
		{2ED2A1A9-E35E-4762-8D60-82C52B2C41D6}.Release|x86.Build.0 = Release|Any CPU
		{33FD7067-F170-46E4-83DA-812FE64B4DA1}.Debug|Any CPU.ActiveCfg = Debug|Any CPU
		{33FD7067-F170-46E4-83DA-812FE64B4DA1}.Debug|Any CPU.Build.0 = Debug|Any CPU
		{33FD7067-F170-46E4-83DA-812FE64B4DA1}.Debug|x64.ActiveCfg = Debug|Any CPU
		{33FD7067-F170-46E4-83DA-812FE64B4DA1}.Debug|x64.Build.0 = Debug|Any CPU
		{33FD7067-F170-46E4-83DA-812FE64B4DA1}.Debug|x86.ActiveCfg = Debug|Any CPU
		{33FD7067-F170-46E4-83DA-812FE64B4DA1}.Debug|x86.Build.0 = Debug|Any CPU
		{33FD7067-F170-46E4-83DA-812FE64B4DA1}.Release|Any CPU.ActiveCfg = Release|Any CPU
		{33FD7067-F170-46E4-83DA-812FE64B4DA1}.Release|Any CPU.Build.0 = Release|Any CPU
		{33FD7067-F170-46E4-83DA-812FE64B4DA1}.Release|x64.ActiveCfg = Release|Any CPU
		{33FD7067-F170-46E4-83DA-812FE64B4DA1}.Release|x64.Build.0 = Release|Any CPU
		{33FD7067-F170-46E4-83DA-812FE64B4DA1}.Release|x86.ActiveCfg = Release|Any CPU
		{33FD7067-F170-46E4-83DA-812FE64B4DA1}.Release|x86.Build.0 = Release|Any CPU
		{6B2BCD81-F27F-4E30-92C9-05332BBCEB92}.Debug|Any CPU.ActiveCfg = Debug|Any CPU
		{6B2BCD81-F27F-4E30-92C9-05332BBCEB92}.Debug|Any CPU.Build.0 = Debug|Any CPU
		{6B2BCD81-F27F-4E30-92C9-05332BBCEB92}.Debug|x64.ActiveCfg = Debug|Any CPU
		{6B2BCD81-F27F-4E30-92C9-05332BBCEB92}.Debug|x64.Build.0 = Debug|Any CPU
		{6B2BCD81-F27F-4E30-92C9-05332BBCEB92}.Debug|x86.ActiveCfg = Debug|Any CPU
		{6B2BCD81-F27F-4E30-92C9-05332BBCEB92}.Debug|x86.Build.0 = Debug|Any CPU
		{6B2BCD81-F27F-4E30-92C9-05332BBCEB92}.Release|Any CPU.ActiveCfg = Release|Any CPU
		{6B2BCD81-F27F-4E30-92C9-05332BBCEB92}.Release|Any CPU.Build.0 = Release|Any CPU
		{6B2BCD81-F27F-4E30-92C9-05332BBCEB92}.Release|x64.ActiveCfg = Release|Any CPU
		{6B2BCD81-F27F-4E30-92C9-05332BBCEB92}.Release|x64.Build.0 = Release|Any CPU
		{6B2BCD81-F27F-4E30-92C9-05332BBCEB92}.Release|x86.ActiveCfg = Release|Any CPU
		{6B2BCD81-F27F-4E30-92C9-05332BBCEB92}.Release|x86.Build.0 = Release|Any CPU
		{86370D2D-47E6-4226-A495-9D68014FA27D}.Debug|Any CPU.ActiveCfg = Debug|Any CPU
		{86370D2D-47E6-4226-A495-9D68014FA27D}.Debug|Any CPU.Build.0 = Debug|Any CPU
		{86370D2D-47E6-4226-A495-9D68014FA27D}.Debug|x64.ActiveCfg = Debug|Any CPU
		{86370D2D-47E6-4226-A495-9D68014FA27D}.Debug|x64.Build.0 = Debug|Any CPU
		{86370D2D-47E6-4226-A495-9D68014FA27D}.Debug|x86.ActiveCfg = Debug|Any CPU
		{86370D2D-47E6-4226-A495-9D68014FA27D}.Debug|x86.Build.0 = Debug|Any CPU
		{86370D2D-47E6-4226-A495-9D68014FA27D}.Release|Any CPU.ActiveCfg = Release|Any CPU
		{86370D2D-47E6-4226-A495-9D68014FA27D}.Release|Any CPU.Build.0 = Release|Any CPU
		{86370D2D-47E6-4226-A495-9D68014FA27D}.Release|x64.ActiveCfg = Release|Any CPU
		{86370D2D-47E6-4226-A495-9D68014FA27D}.Release|x64.Build.0 = Release|Any CPU
		{86370D2D-47E6-4226-A495-9D68014FA27D}.Release|x86.ActiveCfg = Release|Any CPU
		{86370D2D-47E6-4226-A495-9D68014FA27D}.Release|x86.Build.0 = Release|Any CPU
		{C3D1312D-5E97-410B-BDAC-3971D6ABAF26}.Debug|Any CPU.ActiveCfg = Debug|Any CPU
		{C3D1312D-5E97-410B-BDAC-3971D6ABAF26}.Debug|Any CPU.Build.0 = Debug|Any CPU
		{C3D1312D-5E97-410B-BDAC-3971D6ABAF26}.Debug|x64.ActiveCfg = Debug|Any CPU
		{C3D1312D-5E97-410B-BDAC-3971D6ABAF26}.Debug|x64.Build.0 = Debug|Any CPU
		{C3D1312D-5E97-410B-BDAC-3971D6ABAF26}.Debug|x86.ActiveCfg = Debug|Any CPU
		{C3D1312D-5E97-410B-BDAC-3971D6ABAF26}.Debug|x86.Build.0 = Debug|Any CPU
		{C3D1312D-5E97-410B-BDAC-3971D6ABAF26}.Release|Any CPU.ActiveCfg = Release|Any CPU
		{C3D1312D-5E97-410B-BDAC-3971D6ABAF26}.Release|Any CPU.Build.0 = Release|Any CPU
		{C3D1312D-5E97-410B-BDAC-3971D6ABAF26}.Release|x64.ActiveCfg = Release|Any CPU
		{C3D1312D-5E97-410B-BDAC-3971D6ABAF26}.Release|x64.Build.0 = Release|Any CPU
		{C3D1312D-5E97-410B-BDAC-3971D6ABAF26}.Release|x86.ActiveCfg = Release|Any CPU
		{C3D1312D-5E97-410B-BDAC-3971D6ABAF26}.Release|x86.Build.0 = Release|Any CPU
		{82448A43-C603-483F-8B70-FA1D020F1FAD}.Debug|Any CPU.ActiveCfg = Debug|Any CPU
		{82448A43-C603-483F-8B70-FA1D020F1FAD}.Debug|Any CPU.Build.0 = Debug|Any CPU
		{82448A43-C603-483F-8B70-FA1D020F1FAD}.Debug|x64.ActiveCfg = Debug|Any CPU
		{82448A43-C603-483F-8B70-FA1D020F1FAD}.Debug|x64.Build.0 = Debug|Any CPU
		{82448A43-C603-483F-8B70-FA1D020F1FAD}.Debug|x86.ActiveCfg = Debug|Any CPU
		{82448A43-C603-483F-8B70-FA1D020F1FAD}.Debug|x86.Build.0 = Debug|Any CPU
		{82448A43-C603-483F-8B70-FA1D020F1FAD}.Release|Any CPU.ActiveCfg = Release|Any CPU
		{82448A43-C603-483F-8B70-FA1D020F1FAD}.Release|Any CPU.Build.0 = Release|Any CPU
		{82448A43-C603-483F-8B70-FA1D020F1FAD}.Release|x64.ActiveCfg = Release|Any CPU
		{82448A43-C603-483F-8B70-FA1D020F1FAD}.Release|x64.Build.0 = Release|Any CPU
		{82448A43-C603-483F-8B70-FA1D020F1FAD}.Release|x86.ActiveCfg = Release|Any CPU
		{82448A43-C603-483F-8B70-FA1D020F1FAD}.Release|x86.Build.0 = Release|Any CPU
		{10C71FE3-AC16-4901-9CF1-755A5193DFA5}.Debug|Any CPU.ActiveCfg = Debug|Any CPU
		{10C71FE3-AC16-4901-9CF1-755A5193DFA5}.Debug|Any CPU.Build.0 = Debug|Any CPU
		{10C71FE3-AC16-4901-9CF1-755A5193DFA5}.Debug|x64.ActiveCfg = Debug|Any CPU
		{10C71FE3-AC16-4901-9CF1-755A5193DFA5}.Debug|x64.Build.0 = Debug|Any CPU
		{10C71FE3-AC16-4901-9CF1-755A5193DFA5}.Debug|x86.ActiveCfg = Debug|Any CPU
		{10C71FE3-AC16-4901-9CF1-755A5193DFA5}.Debug|x86.Build.0 = Debug|Any CPU
		{10C71FE3-AC16-4901-9CF1-755A5193DFA5}.Release|Any CPU.ActiveCfg = Release|Any CPU
		{10C71FE3-AC16-4901-9CF1-755A5193DFA5}.Release|Any CPU.Build.0 = Release|Any CPU
		{10C71FE3-AC16-4901-9CF1-755A5193DFA5}.Release|x64.ActiveCfg = Release|Any CPU
		{10C71FE3-AC16-4901-9CF1-755A5193DFA5}.Release|x64.Build.0 = Release|Any CPU
		{10C71FE3-AC16-4901-9CF1-755A5193DFA5}.Release|x86.ActiveCfg = Release|Any CPU
		{10C71FE3-AC16-4901-9CF1-755A5193DFA5}.Release|x86.Build.0 = Release|Any CPU
		{F4DC5433-04AE-44E9-9F28-69EE4D9DBCF4}.Debug|Any CPU.ActiveCfg = Debug|Any CPU
		{F4DC5433-04AE-44E9-9F28-69EE4D9DBCF4}.Debug|Any CPU.Build.0 = Debug|Any CPU
		{F4DC5433-04AE-44E9-9F28-69EE4D9DBCF4}.Debug|x64.ActiveCfg = Debug|Any CPU
		{F4DC5433-04AE-44E9-9F28-69EE4D9DBCF4}.Debug|x64.Build.0 = Debug|Any CPU
		{F4DC5433-04AE-44E9-9F28-69EE4D9DBCF4}.Debug|x86.ActiveCfg = Debug|Any CPU
		{F4DC5433-04AE-44E9-9F28-69EE4D9DBCF4}.Debug|x86.Build.0 = Debug|Any CPU
		{F4DC5433-04AE-44E9-9F28-69EE4D9DBCF4}.Release|Any CPU.ActiveCfg = Release|Any CPU
		{F4DC5433-04AE-44E9-9F28-69EE4D9DBCF4}.Release|Any CPU.Build.0 = Release|Any CPU
		{F4DC5433-04AE-44E9-9F28-69EE4D9DBCF4}.Release|x64.ActiveCfg = Release|Any CPU
		{F4DC5433-04AE-44E9-9F28-69EE4D9DBCF4}.Release|x64.Build.0 = Release|Any CPU
		{F4DC5433-04AE-44E9-9F28-69EE4D9DBCF4}.Release|x86.ActiveCfg = Release|Any CPU
		{F4DC5433-04AE-44E9-9F28-69EE4D9DBCF4}.Release|x86.Build.0 = Release|Any CPU
		{D422BF43-BB91-4074-8C39-5858A75E9A4B}.Debug|Any CPU.ActiveCfg = Debug|Any CPU
		{D422BF43-BB91-4074-8C39-5858A75E9A4B}.Debug|Any CPU.Build.0 = Debug|Any CPU
		{D422BF43-BB91-4074-8C39-5858A75E9A4B}.Debug|x64.ActiveCfg = Debug|Any CPU
		{D422BF43-BB91-4074-8C39-5858A75E9A4B}.Debug|x64.Build.0 = Debug|Any CPU
		{D422BF43-BB91-4074-8C39-5858A75E9A4B}.Debug|x86.ActiveCfg = Debug|Any CPU
		{D422BF43-BB91-4074-8C39-5858A75E9A4B}.Debug|x86.Build.0 = Debug|Any CPU
		{D422BF43-BB91-4074-8C39-5858A75E9A4B}.Release|Any CPU.ActiveCfg = Release|Any CPU
		{D422BF43-BB91-4074-8C39-5858A75E9A4B}.Release|Any CPU.Build.0 = Release|Any CPU
		{D422BF43-BB91-4074-8C39-5858A75E9A4B}.Release|x64.ActiveCfg = Release|Any CPU
		{D422BF43-BB91-4074-8C39-5858A75E9A4B}.Release|x64.Build.0 = Release|Any CPU
		{D422BF43-BB91-4074-8C39-5858A75E9A4B}.Release|x86.ActiveCfg = Release|Any CPU
		{D422BF43-BB91-4074-8C39-5858A75E9A4B}.Release|x86.Build.0 = Release|Any CPU
		{A10BD7B9-A8DF-40DF-90D2-B4EBBCAC069C}.Debug|Any CPU.ActiveCfg = Debug|Any CPU
		{A10BD7B9-A8DF-40DF-90D2-B4EBBCAC069C}.Debug|Any CPU.Build.0 = Debug|Any CPU
		{A10BD7B9-A8DF-40DF-90D2-B4EBBCAC069C}.Debug|x64.ActiveCfg = Debug|Any CPU
		{A10BD7B9-A8DF-40DF-90D2-B4EBBCAC069C}.Debug|x64.Build.0 = Debug|Any CPU
		{A10BD7B9-A8DF-40DF-90D2-B4EBBCAC069C}.Debug|x86.ActiveCfg = Debug|Any CPU
		{A10BD7B9-A8DF-40DF-90D2-B4EBBCAC069C}.Debug|x86.Build.0 = Debug|Any CPU
		{A10BD7B9-A8DF-40DF-90D2-B4EBBCAC069C}.Release|Any CPU.ActiveCfg = Release|Any CPU
		{A10BD7B9-A8DF-40DF-90D2-B4EBBCAC069C}.Release|Any CPU.Build.0 = Release|Any CPU
		{A10BD7B9-A8DF-40DF-90D2-B4EBBCAC069C}.Release|x64.ActiveCfg = Release|Any CPU
		{A10BD7B9-A8DF-40DF-90D2-B4EBBCAC069C}.Release|x64.Build.0 = Release|Any CPU
		{A10BD7B9-A8DF-40DF-90D2-B4EBBCAC069C}.Release|x86.ActiveCfg = Release|Any CPU
		{A10BD7B9-A8DF-40DF-90D2-B4EBBCAC069C}.Release|x86.Build.0 = Release|Any CPU
		{58804029-24F4-4649-A473-B55FC7980838}.Debug|Any CPU.ActiveCfg = Debug|Any CPU
		{58804029-24F4-4649-A473-B55FC7980838}.Debug|Any CPU.Build.0 = Debug|Any CPU
		{58804029-24F4-4649-A473-B55FC7980838}.Debug|x64.ActiveCfg = Debug|Any CPU
		{58804029-24F4-4649-A473-B55FC7980838}.Debug|x64.Build.0 = Debug|Any CPU
		{58804029-24F4-4649-A473-B55FC7980838}.Debug|x86.ActiveCfg = Debug|Any CPU
		{58804029-24F4-4649-A473-B55FC7980838}.Debug|x86.Build.0 = Debug|Any CPU
		{58804029-24F4-4649-A473-B55FC7980838}.Release|Any CPU.ActiveCfg = Release|Any CPU
		{58804029-24F4-4649-A473-B55FC7980838}.Release|Any CPU.Build.0 = Release|Any CPU
		{58804029-24F4-4649-A473-B55FC7980838}.Release|x64.ActiveCfg = Release|Any CPU
		{58804029-24F4-4649-A473-B55FC7980838}.Release|x64.Build.0 = Release|Any CPU
		{58804029-24F4-4649-A473-B55FC7980838}.Release|x86.ActiveCfg = Release|Any CPU
		{58804029-24F4-4649-A473-B55FC7980838}.Release|x86.Build.0 = Release|Any CPU
		{F4C1409B-EB48-4513-A24A-F8B67232310D}.Debug|Any CPU.ActiveCfg = Debug|Any CPU
		{F4C1409B-EB48-4513-A24A-F8B67232310D}.Debug|Any CPU.Build.0 = Debug|Any CPU
		{F4C1409B-EB48-4513-A24A-F8B67232310D}.Debug|x64.ActiveCfg = Debug|Any CPU
		{F4C1409B-EB48-4513-A24A-F8B67232310D}.Debug|x64.Build.0 = Debug|Any CPU
		{F4C1409B-EB48-4513-A24A-F8B67232310D}.Debug|x86.ActiveCfg = Debug|Any CPU
		{F4C1409B-EB48-4513-A24A-F8B67232310D}.Debug|x86.Build.0 = Debug|Any CPU
		{F4C1409B-EB48-4513-A24A-F8B67232310D}.Release|Any CPU.ActiveCfg = Release|Any CPU
		{F4C1409B-EB48-4513-A24A-F8B67232310D}.Release|Any CPU.Build.0 = Release|Any CPU
		{F4C1409B-EB48-4513-A24A-F8B67232310D}.Release|x64.ActiveCfg = Release|Any CPU
		{F4C1409B-EB48-4513-A24A-F8B67232310D}.Release|x64.Build.0 = Release|Any CPU
		{F4C1409B-EB48-4513-A24A-F8B67232310D}.Release|x86.ActiveCfg = Release|Any CPU
		{F4C1409B-EB48-4513-A24A-F8B67232310D}.Release|x86.Build.0 = Release|Any CPU
		{544ED425-8CBF-4F72-9123-F6D184EDFEDE}.Debug|Any CPU.ActiveCfg = Debug|Any CPU
		{544ED425-8CBF-4F72-9123-F6D184EDFEDE}.Debug|Any CPU.Build.0 = Debug|Any CPU
		{544ED425-8CBF-4F72-9123-F6D184EDFEDE}.Debug|x64.ActiveCfg = Debug|Any CPU
		{544ED425-8CBF-4F72-9123-F6D184EDFEDE}.Debug|x64.Build.0 = Debug|Any CPU
		{544ED425-8CBF-4F72-9123-F6D184EDFEDE}.Debug|x86.ActiveCfg = Debug|Any CPU
		{544ED425-8CBF-4F72-9123-F6D184EDFEDE}.Debug|x86.Build.0 = Debug|Any CPU
		{544ED425-8CBF-4F72-9123-F6D184EDFEDE}.Release|Any CPU.ActiveCfg = Release|Any CPU
		{544ED425-8CBF-4F72-9123-F6D184EDFEDE}.Release|Any CPU.Build.0 = Release|Any CPU
		{544ED425-8CBF-4F72-9123-F6D184EDFEDE}.Release|x64.ActiveCfg = Release|Any CPU
		{544ED425-8CBF-4F72-9123-F6D184EDFEDE}.Release|x64.Build.0 = Release|Any CPU
		{544ED425-8CBF-4F72-9123-F6D184EDFEDE}.Release|x86.ActiveCfg = Release|Any CPU
		{544ED425-8CBF-4F72-9123-F6D184EDFEDE}.Release|x86.Build.0 = Release|Any CPU
		{145A8E14-9599-4F0A-8803-6F4F521E1D5F}.Debug|Any CPU.ActiveCfg = Debug|Any CPU
		{145A8E14-9599-4F0A-8803-6F4F521E1D5F}.Debug|Any CPU.Build.0 = Debug|Any CPU
		{145A8E14-9599-4F0A-8803-6F4F521E1D5F}.Debug|x64.ActiveCfg = Debug|Any CPU
		{145A8E14-9599-4F0A-8803-6F4F521E1D5F}.Debug|x64.Build.0 = Debug|Any CPU
		{145A8E14-9599-4F0A-8803-6F4F521E1D5F}.Debug|x86.ActiveCfg = Debug|Any CPU
		{145A8E14-9599-4F0A-8803-6F4F521E1D5F}.Debug|x86.Build.0 = Debug|Any CPU
		{145A8E14-9599-4F0A-8803-6F4F521E1D5F}.Release|Any CPU.ActiveCfg = Release|Any CPU
		{145A8E14-9599-4F0A-8803-6F4F521E1D5F}.Release|Any CPU.Build.0 = Release|Any CPU
		{145A8E14-9599-4F0A-8803-6F4F521E1D5F}.Release|x64.ActiveCfg = Release|Any CPU
		{145A8E14-9599-4F0A-8803-6F4F521E1D5F}.Release|x64.Build.0 = Release|Any CPU
		{145A8E14-9599-4F0A-8803-6F4F521E1D5F}.Release|x86.ActiveCfg = Release|Any CPU
		{145A8E14-9599-4F0A-8803-6F4F521E1D5F}.Release|x86.Build.0 = Release|Any CPU
		{5879D64B-0912-4B8A-9400-4957FECA5A04}.Debug|Any CPU.ActiveCfg = Debug|Any CPU
		{5879D64B-0912-4B8A-9400-4957FECA5A04}.Debug|Any CPU.Build.0 = Debug|Any CPU
		{5879D64B-0912-4B8A-9400-4957FECA5A04}.Debug|x64.ActiveCfg = Debug|Any CPU
		{5879D64B-0912-4B8A-9400-4957FECA5A04}.Debug|x64.Build.0 = Debug|Any CPU
		{5879D64B-0912-4B8A-9400-4957FECA5A04}.Debug|x86.ActiveCfg = Debug|Any CPU
		{5879D64B-0912-4B8A-9400-4957FECA5A04}.Debug|x86.Build.0 = Debug|Any CPU
		{5879D64B-0912-4B8A-9400-4957FECA5A04}.Release|Any CPU.ActiveCfg = Release|Any CPU
		{5879D64B-0912-4B8A-9400-4957FECA5A04}.Release|Any CPU.Build.0 = Release|Any CPU
		{5879D64B-0912-4B8A-9400-4957FECA5A04}.Release|x64.ActiveCfg = Release|Any CPU
		{5879D64B-0912-4B8A-9400-4957FECA5A04}.Release|x64.Build.0 = Release|Any CPU
		{5879D64B-0912-4B8A-9400-4957FECA5A04}.Release|x86.ActiveCfg = Release|Any CPU
		{5879D64B-0912-4B8A-9400-4957FECA5A04}.Release|x86.Build.0 = Release|Any CPU
		{15109104-8BC5-4AE1-BD22-377D0F742ADF}.Debug|Any CPU.ActiveCfg = Debug|Any CPU
		{15109104-8BC5-4AE1-BD22-377D0F742ADF}.Debug|Any CPU.Build.0 = Debug|Any CPU
		{15109104-8BC5-4AE1-BD22-377D0F742ADF}.Debug|x64.ActiveCfg = Debug|Any CPU
		{15109104-8BC5-4AE1-BD22-377D0F742ADF}.Debug|x64.Build.0 = Debug|Any CPU
		{15109104-8BC5-4AE1-BD22-377D0F742ADF}.Debug|x86.ActiveCfg = Debug|Any CPU
		{15109104-8BC5-4AE1-BD22-377D0F742ADF}.Debug|x86.Build.0 = Debug|Any CPU
		{15109104-8BC5-4AE1-BD22-377D0F742ADF}.Release|Any CPU.ActiveCfg = Release|Any CPU
		{15109104-8BC5-4AE1-BD22-377D0F742ADF}.Release|Any CPU.Build.0 = Release|Any CPU
		{15109104-8BC5-4AE1-BD22-377D0F742ADF}.Release|x64.ActiveCfg = Release|Any CPU
		{15109104-8BC5-4AE1-BD22-377D0F742ADF}.Release|x64.Build.0 = Release|Any CPU
		{15109104-8BC5-4AE1-BD22-377D0F742ADF}.Release|x86.ActiveCfg = Release|Any CPU
		{15109104-8BC5-4AE1-BD22-377D0F742ADF}.Release|x86.Build.0 = Release|Any CPU
		{8B2C1507-C792-44D5-B4C2-0F347853DFB2}.Debug|Any CPU.ActiveCfg = Debug|Any CPU
		{8B2C1507-C792-44D5-B4C2-0F347853DFB2}.Debug|Any CPU.Build.0 = Debug|Any CPU
		{8B2C1507-C792-44D5-B4C2-0F347853DFB2}.Debug|x64.ActiveCfg = Debug|Any CPU
		{8B2C1507-C792-44D5-B4C2-0F347853DFB2}.Debug|x64.Build.0 = Debug|Any CPU
		{8B2C1507-C792-44D5-B4C2-0F347853DFB2}.Debug|x86.ActiveCfg = Debug|Any CPU
		{8B2C1507-C792-44D5-B4C2-0F347853DFB2}.Debug|x86.Build.0 = Debug|Any CPU
		{8B2C1507-C792-44D5-B4C2-0F347853DFB2}.Release|Any CPU.ActiveCfg = Release|Any CPU
		{8B2C1507-C792-44D5-B4C2-0F347853DFB2}.Release|Any CPU.Build.0 = Release|Any CPU
		{8B2C1507-C792-44D5-B4C2-0F347853DFB2}.Release|x64.ActiveCfg = Release|Any CPU
		{8B2C1507-C792-44D5-B4C2-0F347853DFB2}.Release|x64.Build.0 = Release|Any CPU
		{8B2C1507-C792-44D5-B4C2-0F347853DFB2}.Release|x86.ActiveCfg = Release|Any CPU
		{8B2C1507-C792-44D5-B4C2-0F347853DFB2}.Release|x86.Build.0 = Release|Any CPU
		{2C2192A5-C53D-4467-8979-E51D71ABD432}.Debug|Any CPU.ActiveCfg = Debug|Any CPU
		{2C2192A5-C53D-4467-8979-E51D71ABD432}.Debug|Any CPU.Build.0 = Debug|Any CPU
		{2C2192A5-C53D-4467-8979-E51D71ABD432}.Debug|x64.ActiveCfg = Debug|Any CPU
		{2C2192A5-C53D-4467-8979-E51D71ABD432}.Debug|x64.Build.0 = Debug|Any CPU
		{2C2192A5-C53D-4467-8979-E51D71ABD432}.Debug|x86.ActiveCfg = Debug|Any CPU
		{2C2192A5-C53D-4467-8979-E51D71ABD432}.Debug|x86.Build.0 = Debug|Any CPU
		{2C2192A5-C53D-4467-8979-E51D71ABD432}.Release|Any CPU.ActiveCfg = Release|Any CPU
		{2C2192A5-C53D-4467-8979-E51D71ABD432}.Release|Any CPU.Build.0 = Release|Any CPU
		{2C2192A5-C53D-4467-8979-E51D71ABD432}.Release|x64.ActiveCfg = Release|Any CPU
		{2C2192A5-C53D-4467-8979-E51D71ABD432}.Release|x64.Build.0 = Release|Any CPU
		{2C2192A5-C53D-4467-8979-E51D71ABD432}.Release|x86.ActiveCfg = Release|Any CPU
		{2C2192A5-C53D-4467-8979-E51D71ABD432}.Release|x86.Build.0 = Release|Any CPU
		{4F27E53B-BA73-4A12-AA32-C74FF692C8F8}.Debug|Any CPU.ActiveCfg = Debug|Any CPU
		{4F27E53B-BA73-4A12-AA32-C74FF692C8F8}.Debug|Any CPU.Build.0 = Debug|Any CPU
		{4F27E53B-BA73-4A12-AA32-C74FF692C8F8}.Debug|x64.ActiveCfg = Debug|Any CPU
		{4F27E53B-BA73-4A12-AA32-C74FF692C8F8}.Debug|x64.Build.0 = Debug|Any CPU
		{4F27E53B-BA73-4A12-AA32-C74FF692C8F8}.Debug|x86.ActiveCfg = Debug|Any CPU
		{4F27E53B-BA73-4A12-AA32-C74FF692C8F8}.Debug|x86.Build.0 = Debug|Any CPU
		{4F27E53B-BA73-4A12-AA32-C74FF692C8F8}.Release|Any CPU.ActiveCfg = Release|Any CPU
		{4F27E53B-BA73-4A12-AA32-C74FF692C8F8}.Release|Any CPU.Build.0 = Release|Any CPU
		{4F27E53B-BA73-4A12-AA32-C74FF692C8F8}.Release|x64.ActiveCfg = Release|Any CPU
		{4F27E53B-BA73-4A12-AA32-C74FF692C8F8}.Release|x64.Build.0 = Release|Any CPU
		{4F27E53B-BA73-4A12-AA32-C74FF692C8F8}.Release|x86.ActiveCfg = Release|Any CPU
		{4F27E53B-BA73-4A12-AA32-C74FF692C8F8}.Release|x86.Build.0 = Release|Any CPU
		{694CAFBE-462C-4F36-85C2-EF96E4F8804D}.Debug|Any CPU.ActiveCfg = Debug|Any CPU
		{694CAFBE-462C-4F36-85C2-EF96E4F8804D}.Debug|Any CPU.Build.0 = Debug|Any CPU
		{694CAFBE-462C-4F36-85C2-EF96E4F8804D}.Debug|x64.ActiveCfg = Debug|Any CPU
		{694CAFBE-462C-4F36-85C2-EF96E4F8804D}.Debug|x64.Build.0 = Debug|Any CPU
		{694CAFBE-462C-4F36-85C2-EF96E4F8804D}.Debug|x86.ActiveCfg = Debug|Any CPU
		{694CAFBE-462C-4F36-85C2-EF96E4F8804D}.Debug|x86.Build.0 = Debug|Any CPU
		{694CAFBE-462C-4F36-85C2-EF96E4F8804D}.Release|Any CPU.ActiveCfg = Release|Any CPU
		{694CAFBE-462C-4F36-85C2-EF96E4F8804D}.Release|Any CPU.Build.0 = Release|Any CPU
		{694CAFBE-462C-4F36-85C2-EF96E4F8804D}.Release|x64.ActiveCfg = Release|Any CPU
		{694CAFBE-462C-4F36-85C2-EF96E4F8804D}.Release|x64.Build.0 = Release|Any CPU
		{694CAFBE-462C-4F36-85C2-EF96E4F8804D}.Release|x86.ActiveCfg = Release|Any CPU
		{694CAFBE-462C-4F36-85C2-EF96E4F8804D}.Release|x86.Build.0 = Release|Any CPU
		{D0A3C98F-4CDF-4E52-A560-8B4DB9E82E2C}.Debug|Any CPU.ActiveCfg = Debug|Any CPU
		{D0A3C98F-4CDF-4E52-A560-8B4DB9E82E2C}.Debug|Any CPU.Build.0 = Debug|Any CPU
		{D0A3C98F-4CDF-4E52-A560-8B4DB9E82E2C}.Debug|x64.ActiveCfg = Debug|Any CPU
		{D0A3C98F-4CDF-4E52-A560-8B4DB9E82E2C}.Debug|x64.Build.0 = Debug|Any CPU
		{D0A3C98F-4CDF-4E52-A560-8B4DB9E82E2C}.Debug|x86.ActiveCfg = Debug|Any CPU
		{D0A3C98F-4CDF-4E52-A560-8B4DB9E82E2C}.Debug|x86.Build.0 = Debug|Any CPU
		{D0A3C98F-4CDF-4E52-A560-8B4DB9E82E2C}.Release|Any CPU.ActiveCfg = Release|Any CPU
		{D0A3C98F-4CDF-4E52-A560-8B4DB9E82E2C}.Release|Any CPU.Build.0 = Release|Any CPU
		{D0A3C98F-4CDF-4E52-A560-8B4DB9E82E2C}.Release|x64.ActiveCfg = Release|Any CPU
		{D0A3C98F-4CDF-4E52-A560-8B4DB9E82E2C}.Release|x64.Build.0 = Release|Any CPU
		{D0A3C98F-4CDF-4E52-A560-8B4DB9E82E2C}.Release|x86.ActiveCfg = Release|Any CPU
		{D0A3C98F-4CDF-4E52-A560-8B4DB9E82E2C}.Release|x86.Build.0 = Release|Any CPU
		{CB11C572-55B1-46BF-980A-A6E1D1002F8F}.Debug|Any CPU.ActiveCfg = Debug|Any CPU
		{CB11C572-55B1-46BF-980A-A6E1D1002F8F}.Debug|Any CPU.Build.0 = Debug|Any CPU
		{CB11C572-55B1-46BF-980A-A6E1D1002F8F}.Debug|x64.ActiveCfg = Debug|Any CPU
		{CB11C572-55B1-46BF-980A-A6E1D1002F8F}.Debug|x64.Build.0 = Debug|Any CPU
		{CB11C572-55B1-46BF-980A-A6E1D1002F8F}.Debug|x86.ActiveCfg = Debug|Any CPU
		{CB11C572-55B1-46BF-980A-A6E1D1002F8F}.Debug|x86.Build.0 = Debug|Any CPU
		{CB11C572-55B1-46BF-980A-A6E1D1002F8F}.Release|Any CPU.ActiveCfg = Release|Any CPU
		{CB11C572-55B1-46BF-980A-A6E1D1002F8F}.Release|Any CPU.Build.0 = Release|Any CPU
		{CB11C572-55B1-46BF-980A-A6E1D1002F8F}.Release|x64.ActiveCfg = Release|Any CPU
		{CB11C572-55B1-46BF-980A-A6E1D1002F8F}.Release|x64.Build.0 = Release|Any CPU
		{CB11C572-55B1-46BF-980A-A6E1D1002F8F}.Release|x86.ActiveCfg = Release|Any CPU
		{CB11C572-55B1-46BF-980A-A6E1D1002F8F}.Release|x86.Build.0 = Release|Any CPU
		{3A0576A9-FB05-425C-AF3F-F3468F02483A}.Debug|Any CPU.ActiveCfg = Debug|Any CPU
		{3A0576A9-FB05-425C-AF3F-F3468F02483A}.Debug|Any CPU.Build.0 = Debug|Any CPU
		{3A0576A9-FB05-425C-AF3F-F3468F02483A}.Debug|x64.ActiveCfg = Debug|Any CPU
		{3A0576A9-FB05-425C-AF3F-F3468F02483A}.Debug|x64.Build.0 = Debug|Any CPU
		{3A0576A9-FB05-425C-AF3F-F3468F02483A}.Debug|x86.ActiveCfg = Debug|Any CPU
		{3A0576A9-FB05-425C-AF3F-F3468F02483A}.Debug|x86.Build.0 = Debug|Any CPU
		{3A0576A9-FB05-425C-AF3F-F3468F02483A}.Release|Any CPU.ActiveCfg = Release|Any CPU
		{3A0576A9-FB05-425C-AF3F-F3468F02483A}.Release|Any CPU.Build.0 = Release|Any CPU
		{3A0576A9-FB05-425C-AF3F-F3468F02483A}.Release|x64.ActiveCfg = Release|Any CPU
		{3A0576A9-FB05-425C-AF3F-F3468F02483A}.Release|x64.Build.0 = Release|Any CPU
		{3A0576A9-FB05-425C-AF3F-F3468F02483A}.Release|x86.ActiveCfg = Release|Any CPU
		{3A0576A9-FB05-425C-AF3F-F3468F02483A}.Release|x86.Build.0 = Release|Any CPU
		{403A52D2-6E77-42BD-A94D-B8BCB57C7AE1}.Debug|Any CPU.ActiveCfg = Debug|Any CPU
		{403A52D2-6E77-42BD-A94D-B8BCB57C7AE1}.Debug|Any CPU.Build.0 = Debug|Any CPU
		{403A52D2-6E77-42BD-A94D-B8BCB57C7AE1}.Debug|x64.ActiveCfg = Debug|Any CPU
		{403A52D2-6E77-42BD-A94D-B8BCB57C7AE1}.Debug|x64.Build.0 = Debug|Any CPU
		{403A52D2-6E77-42BD-A94D-B8BCB57C7AE1}.Debug|x86.ActiveCfg = Debug|Any CPU
		{403A52D2-6E77-42BD-A94D-B8BCB57C7AE1}.Debug|x86.Build.0 = Debug|Any CPU
		{403A52D2-6E77-42BD-A94D-B8BCB57C7AE1}.Release|Any CPU.ActiveCfg = Release|Any CPU
		{403A52D2-6E77-42BD-A94D-B8BCB57C7AE1}.Release|Any CPU.Build.0 = Release|Any CPU
		{403A52D2-6E77-42BD-A94D-B8BCB57C7AE1}.Release|x64.ActiveCfg = Release|Any CPU
		{403A52D2-6E77-42BD-A94D-B8BCB57C7AE1}.Release|x64.Build.0 = Release|Any CPU
		{403A52D2-6E77-42BD-A94D-B8BCB57C7AE1}.Release|x86.ActiveCfg = Release|Any CPU
		{403A52D2-6E77-42BD-A94D-B8BCB57C7AE1}.Release|x86.Build.0 = Release|Any CPU
		{E9F8F7E9-1637-4F35-A652-3C69A3A31696}.Debug|Any CPU.ActiveCfg = Debug|Any CPU
		{E9F8F7E9-1637-4F35-A652-3C69A3A31696}.Debug|Any CPU.Build.0 = Debug|Any CPU
		{E9F8F7E9-1637-4F35-A652-3C69A3A31696}.Debug|x64.ActiveCfg = Debug|Any CPU
		{E9F8F7E9-1637-4F35-A652-3C69A3A31696}.Debug|x64.Build.0 = Debug|Any CPU
		{E9F8F7E9-1637-4F35-A652-3C69A3A31696}.Debug|x86.ActiveCfg = Debug|Any CPU
		{E9F8F7E9-1637-4F35-A652-3C69A3A31696}.Debug|x86.Build.0 = Debug|Any CPU
		{E9F8F7E9-1637-4F35-A652-3C69A3A31696}.Release|Any CPU.ActiveCfg = Release|Any CPU
		{E9F8F7E9-1637-4F35-A652-3C69A3A31696}.Release|Any CPU.Build.0 = Release|Any CPU
		{E9F8F7E9-1637-4F35-A652-3C69A3A31696}.Release|x64.ActiveCfg = Release|Any CPU
		{E9F8F7E9-1637-4F35-A652-3C69A3A31696}.Release|x64.Build.0 = Release|Any CPU
		{E9F8F7E9-1637-4F35-A652-3C69A3A31696}.Release|x86.ActiveCfg = Release|Any CPU
		{E9F8F7E9-1637-4F35-A652-3C69A3A31696}.Release|x86.Build.0 = Release|Any CPU
		{E27707BA-8782-4BD0-AE62-B74D96CB891D}.Debug|Any CPU.ActiveCfg = Debug|Any CPU
		{E27707BA-8782-4BD0-AE62-B74D96CB891D}.Debug|Any CPU.Build.0 = Debug|Any CPU
		{E27707BA-8782-4BD0-AE62-B74D96CB891D}.Debug|x64.ActiveCfg = Debug|Any CPU
		{E27707BA-8782-4BD0-AE62-B74D96CB891D}.Debug|x64.Build.0 = Debug|Any CPU
		{E27707BA-8782-4BD0-AE62-B74D96CB891D}.Debug|x86.ActiveCfg = Debug|Any CPU
		{E27707BA-8782-4BD0-AE62-B74D96CB891D}.Debug|x86.Build.0 = Debug|Any CPU
		{E27707BA-8782-4BD0-AE62-B74D96CB891D}.Release|Any CPU.ActiveCfg = Release|Any CPU
		{E27707BA-8782-4BD0-AE62-B74D96CB891D}.Release|Any CPU.Build.0 = Release|Any CPU
		{E27707BA-8782-4BD0-AE62-B74D96CB891D}.Release|x64.ActiveCfg = Release|Any CPU
		{E27707BA-8782-4BD0-AE62-B74D96CB891D}.Release|x64.Build.0 = Release|Any CPU
		{E27707BA-8782-4BD0-AE62-B74D96CB891D}.Release|x86.ActiveCfg = Release|Any CPU
		{E27707BA-8782-4BD0-AE62-B74D96CB891D}.Release|x86.Build.0 = Release|Any CPU
		{EB9AE391-3E96-4CD9-947F-6E9E184BADFC}.Debug|Any CPU.ActiveCfg = Debug|Any CPU
		{EB9AE391-3E96-4CD9-947F-6E9E184BADFC}.Debug|Any CPU.Build.0 = Debug|Any CPU
		{EB9AE391-3E96-4CD9-947F-6E9E184BADFC}.Debug|x64.ActiveCfg = Debug|Any CPU
		{EB9AE391-3E96-4CD9-947F-6E9E184BADFC}.Debug|x64.Build.0 = Debug|Any CPU
		{EB9AE391-3E96-4CD9-947F-6E9E184BADFC}.Debug|x86.ActiveCfg = Debug|Any CPU
		{EB9AE391-3E96-4CD9-947F-6E9E184BADFC}.Debug|x86.Build.0 = Debug|Any CPU
		{EB9AE391-3E96-4CD9-947F-6E9E184BADFC}.Release|Any CPU.ActiveCfg = Release|Any CPU
		{EB9AE391-3E96-4CD9-947F-6E9E184BADFC}.Release|Any CPU.Build.0 = Release|Any CPU
		{EB9AE391-3E96-4CD9-947F-6E9E184BADFC}.Release|x64.ActiveCfg = Release|Any CPU
		{EB9AE391-3E96-4CD9-947F-6E9E184BADFC}.Release|x64.Build.0 = Release|Any CPU
		{EB9AE391-3E96-4CD9-947F-6E9E184BADFC}.Release|x86.ActiveCfg = Release|Any CPU
		{EB9AE391-3E96-4CD9-947F-6E9E184BADFC}.Release|x86.Build.0 = Release|Any CPU
		{F6E9A761-098F-4391-9E62-ED61B67ADC53}.Debug|Any CPU.ActiveCfg = Debug|Any CPU
		{F6E9A761-098F-4391-9E62-ED61B67ADC53}.Debug|Any CPU.Build.0 = Debug|Any CPU
		{F6E9A761-098F-4391-9E62-ED61B67ADC53}.Debug|x64.ActiveCfg = Debug|Any CPU
		{F6E9A761-098F-4391-9E62-ED61B67ADC53}.Debug|x64.Build.0 = Debug|Any CPU
		{F6E9A761-098F-4391-9E62-ED61B67ADC53}.Debug|x86.ActiveCfg = Debug|Any CPU
		{F6E9A761-098F-4391-9E62-ED61B67ADC53}.Debug|x86.Build.0 = Debug|Any CPU
		{F6E9A761-098F-4391-9E62-ED61B67ADC53}.Release|Any CPU.ActiveCfg = Release|Any CPU
		{F6E9A761-098F-4391-9E62-ED61B67ADC53}.Release|Any CPU.Build.0 = Release|Any CPU
		{F6E9A761-098F-4391-9E62-ED61B67ADC53}.Release|x64.ActiveCfg = Release|Any CPU
		{F6E9A761-098F-4391-9E62-ED61B67ADC53}.Release|x64.Build.0 = Release|Any CPU
		{F6E9A761-098F-4391-9E62-ED61B67ADC53}.Release|x86.ActiveCfg = Release|Any CPU
		{F6E9A761-098F-4391-9E62-ED61B67ADC53}.Release|x86.Build.0 = Release|Any CPU
		{80FF264A-996D-4382-9B75-90D1C47CAE83}.Debug|Any CPU.ActiveCfg = Debug|Any CPU
		{80FF264A-996D-4382-9B75-90D1C47CAE83}.Debug|Any CPU.Build.0 = Debug|Any CPU
		{80FF264A-996D-4382-9B75-90D1C47CAE83}.Debug|x64.ActiveCfg = Debug|Any CPU
		{80FF264A-996D-4382-9B75-90D1C47CAE83}.Debug|x64.Build.0 = Debug|Any CPU
		{80FF264A-996D-4382-9B75-90D1C47CAE83}.Debug|x86.ActiveCfg = Debug|Any CPU
		{80FF264A-996D-4382-9B75-90D1C47CAE83}.Debug|x86.Build.0 = Debug|Any CPU
		{80FF264A-996D-4382-9B75-90D1C47CAE83}.Release|Any CPU.ActiveCfg = Release|Any CPU
		{80FF264A-996D-4382-9B75-90D1C47CAE83}.Release|Any CPU.Build.0 = Release|Any CPU
		{80FF264A-996D-4382-9B75-90D1C47CAE83}.Release|x64.ActiveCfg = Release|Any CPU
		{80FF264A-996D-4382-9B75-90D1C47CAE83}.Release|x64.Build.0 = Release|Any CPU
		{80FF264A-996D-4382-9B75-90D1C47CAE83}.Release|x86.ActiveCfg = Release|Any CPU
		{80FF264A-996D-4382-9B75-90D1C47CAE83}.Release|x86.Build.0 = Release|Any CPU
		{C13A41CD-A176-4971-B98C-092B0D75966E}.Debug|Any CPU.ActiveCfg = Debug|Any CPU
		{C13A41CD-A176-4971-B98C-092B0D75966E}.Debug|Any CPU.Build.0 = Debug|Any CPU
		{C13A41CD-A176-4971-B98C-092B0D75966E}.Debug|x64.ActiveCfg = Debug|Any CPU
		{C13A41CD-A176-4971-B98C-092B0D75966E}.Debug|x64.Build.0 = Debug|Any CPU
		{C13A41CD-A176-4971-B98C-092B0D75966E}.Debug|x86.ActiveCfg = Debug|Any CPU
		{C13A41CD-A176-4971-B98C-092B0D75966E}.Debug|x86.Build.0 = Debug|Any CPU
		{C13A41CD-A176-4971-B98C-092B0D75966E}.Release|Any CPU.ActiveCfg = Release|Any CPU
		{C13A41CD-A176-4971-B98C-092B0D75966E}.Release|Any CPU.Build.0 = Release|Any CPU
		{C13A41CD-A176-4971-B98C-092B0D75966E}.Release|x64.ActiveCfg = Release|Any CPU
		{C13A41CD-A176-4971-B98C-092B0D75966E}.Release|x64.Build.0 = Release|Any CPU
		{C13A41CD-A176-4971-B98C-092B0D75966E}.Release|x86.ActiveCfg = Release|Any CPU
		{C13A41CD-A176-4971-B98C-092B0D75966E}.Release|x86.Build.0 = Release|Any CPU
		{62CAAAAE-A71B-4D98-8C1D-497AC849A96B}.Debug|Any CPU.ActiveCfg = Debug|Any CPU
		{62CAAAAE-A71B-4D98-8C1D-497AC849A96B}.Debug|Any CPU.Build.0 = Debug|Any CPU
		{62CAAAAE-A71B-4D98-8C1D-497AC849A96B}.Debug|x64.ActiveCfg = Debug|Any CPU
		{62CAAAAE-A71B-4D98-8C1D-497AC849A96B}.Debug|x64.Build.0 = Debug|Any CPU
		{62CAAAAE-A71B-4D98-8C1D-497AC849A96B}.Debug|x86.ActiveCfg = Debug|Any CPU
		{62CAAAAE-A71B-4D98-8C1D-497AC849A96B}.Debug|x86.Build.0 = Debug|Any CPU
		{62CAAAAE-A71B-4D98-8C1D-497AC849A96B}.Release|Any CPU.ActiveCfg = Release|Any CPU
		{62CAAAAE-A71B-4D98-8C1D-497AC849A96B}.Release|Any CPU.Build.0 = Release|Any CPU
		{62CAAAAE-A71B-4D98-8C1D-497AC849A96B}.Release|x64.ActiveCfg = Release|Any CPU
		{62CAAAAE-A71B-4D98-8C1D-497AC849A96B}.Release|x64.Build.0 = Release|Any CPU
		{62CAAAAE-A71B-4D98-8C1D-497AC849A96B}.Release|x86.ActiveCfg = Release|Any CPU
		{62CAAAAE-A71B-4D98-8C1D-497AC849A96B}.Release|x86.Build.0 = Release|Any CPU
		{FF0587A4-AB9D-4297-96E8-3F3EE3F0A2F6}.Debug|Any CPU.ActiveCfg = Debug|Any CPU
		{FF0587A4-AB9D-4297-96E8-3F3EE3F0A2F6}.Debug|Any CPU.Build.0 = Debug|Any CPU
		{FF0587A4-AB9D-4297-96E8-3F3EE3F0A2F6}.Debug|x64.ActiveCfg = Debug|Any CPU
		{FF0587A4-AB9D-4297-96E8-3F3EE3F0A2F6}.Debug|x64.Build.0 = Debug|Any CPU
		{FF0587A4-AB9D-4297-96E8-3F3EE3F0A2F6}.Debug|x86.ActiveCfg = Debug|Any CPU
		{FF0587A4-AB9D-4297-96E8-3F3EE3F0A2F6}.Debug|x86.Build.0 = Debug|Any CPU
		{FF0587A4-AB9D-4297-96E8-3F3EE3F0A2F6}.Release|Any CPU.ActiveCfg = Release|Any CPU
		{FF0587A4-AB9D-4297-96E8-3F3EE3F0A2F6}.Release|Any CPU.Build.0 = Release|Any CPU
		{FF0587A4-AB9D-4297-96E8-3F3EE3F0A2F6}.Release|x64.ActiveCfg = Release|Any CPU
		{FF0587A4-AB9D-4297-96E8-3F3EE3F0A2F6}.Release|x64.Build.0 = Release|Any CPU
		{FF0587A4-AB9D-4297-96E8-3F3EE3F0A2F6}.Release|x86.ActiveCfg = Release|Any CPU
		{FF0587A4-AB9D-4297-96E8-3F3EE3F0A2F6}.Release|x86.Build.0 = Release|Any CPU
		{D00E9EA6-953E-41AA-A316-2834D69DC491}.Debug|Any CPU.ActiveCfg = Debug|Any CPU
		{D00E9EA6-953E-41AA-A316-2834D69DC491}.Debug|Any CPU.Build.0 = Debug|Any CPU
		{D00E9EA6-953E-41AA-A316-2834D69DC491}.Debug|x64.ActiveCfg = Debug|Any CPU
		{D00E9EA6-953E-41AA-A316-2834D69DC491}.Debug|x64.Build.0 = Debug|Any CPU
		{D00E9EA6-953E-41AA-A316-2834D69DC491}.Debug|x86.ActiveCfg = Debug|Any CPU
		{D00E9EA6-953E-41AA-A316-2834D69DC491}.Debug|x86.Build.0 = Debug|Any CPU
		{D00E9EA6-953E-41AA-A316-2834D69DC491}.Release|Any CPU.ActiveCfg = Release|Any CPU
		{D00E9EA6-953E-41AA-A316-2834D69DC491}.Release|Any CPU.Build.0 = Release|Any CPU
		{D00E9EA6-953E-41AA-A316-2834D69DC491}.Release|x64.ActiveCfg = Release|Any CPU
		{D00E9EA6-953E-41AA-A316-2834D69DC491}.Release|x64.Build.0 = Release|Any CPU
		{D00E9EA6-953E-41AA-A316-2834D69DC491}.Release|x86.ActiveCfg = Release|Any CPU
		{D00E9EA6-953E-41AA-A316-2834D69DC491}.Release|x86.Build.0 = Release|Any CPU
		{E7EBE423-5A64-4E65-8BDC-3920209E7F55}.Debug|Any CPU.ActiveCfg = Debug|Any CPU
		{E7EBE423-5A64-4E65-8BDC-3920209E7F55}.Debug|Any CPU.Build.0 = Debug|Any CPU
		{E7EBE423-5A64-4E65-8BDC-3920209E7F55}.Debug|x64.ActiveCfg = Debug|Any CPU
		{E7EBE423-5A64-4E65-8BDC-3920209E7F55}.Debug|x64.Build.0 = Debug|Any CPU
		{E7EBE423-5A64-4E65-8BDC-3920209E7F55}.Debug|x86.ActiveCfg = Debug|Any CPU
		{E7EBE423-5A64-4E65-8BDC-3920209E7F55}.Debug|x86.Build.0 = Debug|Any CPU
		{E7EBE423-5A64-4E65-8BDC-3920209E7F55}.Release|Any CPU.ActiveCfg = Release|Any CPU
		{E7EBE423-5A64-4E65-8BDC-3920209E7F55}.Release|Any CPU.Build.0 = Release|Any CPU
		{E7EBE423-5A64-4E65-8BDC-3920209E7F55}.Release|x64.ActiveCfg = Release|Any CPU
		{E7EBE423-5A64-4E65-8BDC-3920209E7F55}.Release|x64.Build.0 = Release|Any CPU
		{E7EBE423-5A64-4E65-8BDC-3920209E7F55}.Release|x86.ActiveCfg = Release|Any CPU
		{E7EBE423-5A64-4E65-8BDC-3920209E7F55}.Release|x86.Build.0 = Release|Any CPU
		{1541D4B6-CA65-4CC4-A8FD-04BD2D679A03}.Debug|Any CPU.ActiveCfg = Debug|Any CPU
		{1541D4B6-CA65-4CC4-A8FD-04BD2D679A03}.Debug|Any CPU.Build.0 = Debug|Any CPU
		{1541D4B6-CA65-4CC4-A8FD-04BD2D679A03}.Debug|x64.ActiveCfg = Debug|Any CPU
		{1541D4B6-CA65-4CC4-A8FD-04BD2D679A03}.Debug|x64.Build.0 = Debug|Any CPU
		{1541D4B6-CA65-4CC4-A8FD-04BD2D679A03}.Debug|x86.ActiveCfg = Debug|Any CPU
		{1541D4B6-CA65-4CC4-A8FD-04BD2D679A03}.Debug|x86.Build.0 = Debug|Any CPU
		{1541D4B6-CA65-4CC4-A8FD-04BD2D679A03}.Release|Any CPU.ActiveCfg = Release|Any CPU
		{1541D4B6-CA65-4CC4-A8FD-04BD2D679A03}.Release|Any CPU.Build.0 = Release|Any CPU
		{1541D4B6-CA65-4CC4-A8FD-04BD2D679A03}.Release|x64.ActiveCfg = Release|Any CPU
		{1541D4B6-CA65-4CC4-A8FD-04BD2D679A03}.Release|x64.Build.0 = Release|Any CPU
		{1541D4B6-CA65-4CC4-A8FD-04BD2D679A03}.Release|x86.ActiveCfg = Release|Any CPU
		{1541D4B6-CA65-4CC4-A8FD-04BD2D679A03}.Release|x86.Build.0 = Release|Any CPU
		{E006418A-7A91-485F-93AB-78364C6DC0C4}.Debug|Any CPU.ActiveCfg = Debug|Any CPU
		{E006418A-7A91-485F-93AB-78364C6DC0C4}.Debug|Any CPU.Build.0 = Debug|Any CPU
		{E006418A-7A91-485F-93AB-78364C6DC0C4}.Debug|x64.ActiveCfg = Debug|Any CPU
		{E006418A-7A91-485F-93AB-78364C6DC0C4}.Debug|x64.Build.0 = Debug|Any CPU
		{E006418A-7A91-485F-93AB-78364C6DC0C4}.Debug|x86.ActiveCfg = Debug|Any CPU
		{E006418A-7A91-485F-93AB-78364C6DC0C4}.Debug|x86.Build.0 = Debug|Any CPU
		{E006418A-7A91-485F-93AB-78364C6DC0C4}.Release|Any CPU.ActiveCfg = Release|Any CPU
		{E006418A-7A91-485F-93AB-78364C6DC0C4}.Release|Any CPU.Build.0 = Release|Any CPU
		{E006418A-7A91-485F-93AB-78364C6DC0C4}.Release|x64.ActiveCfg = Release|Any CPU
		{E006418A-7A91-485F-93AB-78364C6DC0C4}.Release|x64.Build.0 = Release|Any CPU
		{E006418A-7A91-485F-93AB-78364C6DC0C4}.Release|x86.ActiveCfg = Release|Any CPU
		{E006418A-7A91-485F-93AB-78364C6DC0C4}.Release|x86.Build.0 = Release|Any CPU
		{1FB238F5-AAC9-4118-867F-C53A63720FC0}.Debug|Any CPU.ActiveCfg = Debug|Any CPU
		{1FB238F5-AAC9-4118-867F-C53A63720FC0}.Debug|Any CPU.Build.0 = Debug|Any CPU
		{1FB238F5-AAC9-4118-867F-C53A63720FC0}.Debug|x64.ActiveCfg = Debug|Any CPU
		{1FB238F5-AAC9-4118-867F-C53A63720FC0}.Debug|x64.Build.0 = Debug|Any CPU
		{1FB238F5-AAC9-4118-867F-C53A63720FC0}.Debug|x86.ActiveCfg = Debug|Any CPU
		{1FB238F5-AAC9-4118-867F-C53A63720FC0}.Debug|x86.Build.0 = Debug|Any CPU
		{1FB238F5-AAC9-4118-867F-C53A63720FC0}.Release|Any CPU.ActiveCfg = Release|Any CPU
		{1FB238F5-AAC9-4118-867F-C53A63720FC0}.Release|Any CPU.Build.0 = Release|Any CPU
		{1FB238F5-AAC9-4118-867F-C53A63720FC0}.Release|x64.ActiveCfg = Release|Any CPU
		{1FB238F5-AAC9-4118-867F-C53A63720FC0}.Release|x64.Build.0 = Release|Any CPU
		{1FB238F5-AAC9-4118-867F-C53A63720FC0}.Release|x86.ActiveCfg = Release|Any CPU
		{1FB238F5-AAC9-4118-867F-C53A63720FC0}.Release|x86.Build.0 = Release|Any CPU
		{39AA9A4A-E235-471E-BA37-54FF8A6268A4}.Debug|Any CPU.ActiveCfg = Debug|Any CPU
		{39AA9A4A-E235-471E-BA37-54FF8A6268A4}.Debug|Any CPU.Build.0 = Debug|Any CPU
		{39AA9A4A-E235-471E-BA37-54FF8A6268A4}.Debug|x64.ActiveCfg = Debug|Any CPU
		{39AA9A4A-E235-471E-BA37-54FF8A6268A4}.Debug|x64.Build.0 = Debug|Any CPU
		{39AA9A4A-E235-471E-BA37-54FF8A6268A4}.Debug|x86.ActiveCfg = Debug|Any CPU
		{39AA9A4A-E235-471E-BA37-54FF8A6268A4}.Debug|x86.Build.0 = Debug|Any CPU
		{39AA9A4A-E235-471E-BA37-54FF8A6268A4}.Release|Any CPU.ActiveCfg = Release|Any CPU
		{39AA9A4A-E235-471E-BA37-54FF8A6268A4}.Release|Any CPU.Build.0 = Release|Any CPU
		{39AA9A4A-E235-471E-BA37-54FF8A6268A4}.Release|x64.ActiveCfg = Release|Any CPU
		{39AA9A4A-E235-471E-BA37-54FF8A6268A4}.Release|x64.Build.0 = Release|Any CPU
		{39AA9A4A-E235-471E-BA37-54FF8A6268A4}.Release|x86.ActiveCfg = Release|Any CPU
		{39AA9A4A-E235-471E-BA37-54FF8A6268A4}.Release|x86.Build.0 = Release|Any CPU
		{6999F7EB-DBC5-4A7B-B886-D0B01706437A}.Debug|Any CPU.ActiveCfg = Debug|Any CPU
		{6999F7EB-DBC5-4A7B-B886-D0B01706437A}.Debug|Any CPU.Build.0 = Debug|Any CPU
		{6999F7EB-DBC5-4A7B-B886-D0B01706437A}.Debug|x64.ActiveCfg = Debug|Any CPU
		{6999F7EB-DBC5-4A7B-B886-D0B01706437A}.Debug|x64.Build.0 = Debug|Any CPU
		{6999F7EB-DBC5-4A7B-B886-D0B01706437A}.Debug|x86.ActiveCfg = Debug|Any CPU
		{6999F7EB-DBC5-4A7B-B886-D0B01706437A}.Debug|x86.Build.0 = Debug|Any CPU
		{6999F7EB-DBC5-4A7B-B886-D0B01706437A}.Release|Any CPU.ActiveCfg = Release|Any CPU
		{6999F7EB-DBC5-4A7B-B886-D0B01706437A}.Release|Any CPU.Build.0 = Release|Any CPU
		{6999F7EB-DBC5-4A7B-B886-D0B01706437A}.Release|x64.ActiveCfg = Release|Any CPU
		{6999F7EB-DBC5-4A7B-B886-D0B01706437A}.Release|x64.Build.0 = Release|Any CPU
		{6999F7EB-DBC5-4A7B-B886-D0B01706437A}.Release|x86.ActiveCfg = Release|Any CPU
		{6999F7EB-DBC5-4A7B-B886-D0B01706437A}.Release|x86.Build.0 = Release|Any CPU
		{64C93B80-A228-4C3C-A683-BE6B6AD6D31A}.Debug|Any CPU.ActiveCfg = Debug|Any CPU
		{64C93B80-A228-4C3C-A683-BE6B6AD6D31A}.Debug|Any CPU.Build.0 = Debug|Any CPU
		{64C93B80-A228-4C3C-A683-BE6B6AD6D31A}.Debug|x64.ActiveCfg = Debug|Any CPU
		{64C93B80-A228-4C3C-A683-BE6B6AD6D31A}.Debug|x64.Build.0 = Debug|Any CPU
		{64C93B80-A228-4C3C-A683-BE6B6AD6D31A}.Debug|x86.ActiveCfg = Debug|Any CPU
		{64C93B80-A228-4C3C-A683-BE6B6AD6D31A}.Debug|x86.Build.0 = Debug|Any CPU
		{64C93B80-A228-4C3C-A683-BE6B6AD6D31A}.Release|Any CPU.ActiveCfg = Release|Any CPU
		{64C93B80-A228-4C3C-A683-BE6B6AD6D31A}.Release|Any CPU.Build.0 = Release|Any CPU
		{64C93B80-A228-4C3C-A683-BE6B6AD6D31A}.Release|x64.ActiveCfg = Release|Any CPU
		{64C93B80-A228-4C3C-A683-BE6B6AD6D31A}.Release|x64.Build.0 = Release|Any CPU
		{64C93B80-A228-4C3C-A683-BE6B6AD6D31A}.Release|x86.ActiveCfg = Release|Any CPU
		{64C93B80-A228-4C3C-A683-BE6B6AD6D31A}.Release|x86.Build.0 = Release|Any CPU
		{8F733BC7-9868-4380-97D7-F353CFE77A8D}.Debug|Any CPU.ActiveCfg = Debug|Any CPU
		{8F733BC7-9868-4380-97D7-F353CFE77A8D}.Debug|Any CPU.Build.0 = Debug|Any CPU
		{8F733BC7-9868-4380-97D7-F353CFE77A8D}.Debug|x64.ActiveCfg = Debug|Any CPU
		{8F733BC7-9868-4380-97D7-F353CFE77A8D}.Debug|x64.Build.0 = Debug|Any CPU
		{8F733BC7-9868-4380-97D7-F353CFE77A8D}.Debug|x86.ActiveCfg = Debug|Any CPU
		{8F733BC7-9868-4380-97D7-F353CFE77A8D}.Debug|x86.Build.0 = Debug|Any CPU
		{8F733BC7-9868-4380-97D7-F353CFE77A8D}.Release|Any CPU.ActiveCfg = Release|Any CPU
		{8F733BC7-9868-4380-97D7-F353CFE77A8D}.Release|Any CPU.Build.0 = Release|Any CPU
		{8F733BC7-9868-4380-97D7-F353CFE77A8D}.Release|x64.ActiveCfg = Release|Any CPU
		{8F733BC7-9868-4380-97D7-F353CFE77A8D}.Release|x64.Build.0 = Release|Any CPU
		{8F733BC7-9868-4380-97D7-F353CFE77A8D}.Release|x86.ActiveCfg = Release|Any CPU
		{8F733BC7-9868-4380-97D7-F353CFE77A8D}.Release|x86.Build.0 = Release|Any CPU
		{6D853F82-6EDF-4062-AEE1-A64D84ACCAC8}.Debug|Any CPU.ActiveCfg = Debug|Any CPU
		{6D853F82-6EDF-4062-AEE1-A64D84ACCAC8}.Debug|Any CPU.Build.0 = Debug|Any CPU
		{6D853F82-6EDF-4062-AEE1-A64D84ACCAC8}.Debug|x64.ActiveCfg = Debug|Any CPU
		{6D853F82-6EDF-4062-AEE1-A64D84ACCAC8}.Debug|x64.Build.0 = Debug|Any CPU
		{6D853F82-6EDF-4062-AEE1-A64D84ACCAC8}.Debug|x86.ActiveCfg = Debug|Any CPU
		{6D853F82-6EDF-4062-AEE1-A64D84ACCAC8}.Debug|x86.Build.0 = Debug|Any CPU
		{6D853F82-6EDF-4062-AEE1-A64D84ACCAC8}.Release|Any CPU.ActiveCfg = Release|Any CPU
		{6D853F82-6EDF-4062-AEE1-A64D84ACCAC8}.Release|Any CPU.Build.0 = Release|Any CPU
		{6D853F82-6EDF-4062-AEE1-A64D84ACCAC8}.Release|x64.ActiveCfg = Release|Any CPU
		{6D853F82-6EDF-4062-AEE1-A64D84ACCAC8}.Release|x64.Build.0 = Release|Any CPU
		{6D853F82-6EDF-4062-AEE1-A64D84ACCAC8}.Release|x86.ActiveCfg = Release|Any CPU
		{6D853F82-6EDF-4062-AEE1-A64D84ACCAC8}.Release|x86.Build.0 = Release|Any CPU
		{D078D638-130C-4E3B-84C0-3BD9124F269D}.Debug|Any CPU.ActiveCfg = Debug|Any CPU
		{D078D638-130C-4E3B-84C0-3BD9124F269D}.Debug|Any CPU.Build.0 = Debug|Any CPU
		{D078D638-130C-4E3B-84C0-3BD9124F269D}.Debug|x64.ActiveCfg = Debug|Any CPU
		{D078D638-130C-4E3B-84C0-3BD9124F269D}.Debug|x64.Build.0 = Debug|Any CPU
		{D078D638-130C-4E3B-84C0-3BD9124F269D}.Debug|x86.ActiveCfg = Debug|Any CPU
		{D078D638-130C-4E3B-84C0-3BD9124F269D}.Debug|x86.Build.0 = Debug|Any CPU
		{D078D638-130C-4E3B-84C0-3BD9124F269D}.Release|Any CPU.ActiveCfg = Release|Any CPU
		{D078D638-130C-4E3B-84C0-3BD9124F269D}.Release|Any CPU.Build.0 = Release|Any CPU
		{D078D638-130C-4E3B-84C0-3BD9124F269D}.Release|x64.ActiveCfg = Release|Any CPU
		{D078D638-130C-4E3B-84C0-3BD9124F269D}.Release|x64.Build.0 = Release|Any CPU
		{D078D638-130C-4E3B-84C0-3BD9124F269D}.Release|x86.ActiveCfg = Release|Any CPU
		{D078D638-130C-4E3B-84C0-3BD9124F269D}.Release|x86.Build.0 = Release|Any CPU
		{4C25D4F5-27ED-4233-9D67-9F105E2012D4}.Debug|Any CPU.ActiveCfg = Debug|Any CPU
		{4C25D4F5-27ED-4233-9D67-9F105E2012D4}.Debug|Any CPU.Build.0 = Debug|Any CPU
		{4C25D4F5-27ED-4233-9D67-9F105E2012D4}.Debug|x64.ActiveCfg = Debug|Any CPU
		{4C25D4F5-27ED-4233-9D67-9F105E2012D4}.Debug|x64.Build.0 = Debug|Any CPU
		{4C25D4F5-27ED-4233-9D67-9F105E2012D4}.Debug|x86.ActiveCfg = Debug|Any CPU
		{4C25D4F5-27ED-4233-9D67-9F105E2012D4}.Debug|x86.Build.0 = Debug|Any CPU
		{4C25D4F5-27ED-4233-9D67-9F105E2012D4}.Release|Any CPU.ActiveCfg = Release|Any CPU
		{4C25D4F5-27ED-4233-9D67-9F105E2012D4}.Release|Any CPU.Build.0 = Release|Any CPU
		{4C25D4F5-27ED-4233-9D67-9F105E2012D4}.Release|x64.ActiveCfg = Release|Any CPU
		{4C25D4F5-27ED-4233-9D67-9F105E2012D4}.Release|x64.Build.0 = Release|Any CPU
		{4C25D4F5-27ED-4233-9D67-9F105E2012D4}.Release|x86.ActiveCfg = Release|Any CPU
		{4C25D4F5-27ED-4233-9D67-9F105E2012D4}.Release|x86.Build.0 = Release|Any CPU
		{BC3DD2B4-0ED0-469B-844B-947726ACBCAB}.Debug|Any CPU.ActiveCfg = Debug|Any CPU
		{BC3DD2B4-0ED0-469B-844B-947726ACBCAB}.Debug|Any CPU.Build.0 = Debug|Any CPU
		{BC3DD2B4-0ED0-469B-844B-947726ACBCAB}.Debug|x64.ActiveCfg = Debug|Any CPU
		{BC3DD2B4-0ED0-469B-844B-947726ACBCAB}.Debug|x64.Build.0 = Debug|Any CPU
		{BC3DD2B4-0ED0-469B-844B-947726ACBCAB}.Debug|x86.ActiveCfg = Debug|Any CPU
		{BC3DD2B4-0ED0-469B-844B-947726ACBCAB}.Debug|x86.Build.0 = Debug|Any CPU
		{BC3DD2B4-0ED0-469B-844B-947726ACBCAB}.Release|Any CPU.ActiveCfg = Release|Any CPU
		{BC3DD2B4-0ED0-469B-844B-947726ACBCAB}.Release|Any CPU.Build.0 = Release|Any CPU
		{BC3DD2B4-0ED0-469B-844B-947726ACBCAB}.Release|x64.ActiveCfg = Release|Any CPU
		{BC3DD2B4-0ED0-469B-844B-947726ACBCAB}.Release|x64.Build.0 = Release|Any CPU
		{BC3DD2B4-0ED0-469B-844B-947726ACBCAB}.Release|x86.ActiveCfg = Release|Any CPU
		{BC3DD2B4-0ED0-469B-844B-947726ACBCAB}.Release|x86.Build.0 = Release|Any CPU
		{F8A1C08D-6CEA-4C9C-85EE-2AA58FBECD9E}.Debug|Any CPU.ActiveCfg = Debug|Any CPU
		{F8A1C08D-6CEA-4C9C-85EE-2AA58FBECD9E}.Debug|Any CPU.Build.0 = Debug|Any CPU
		{F8A1C08D-6CEA-4C9C-85EE-2AA58FBECD9E}.Debug|x64.ActiveCfg = Debug|Any CPU
		{F8A1C08D-6CEA-4C9C-85EE-2AA58FBECD9E}.Debug|x64.Build.0 = Debug|Any CPU
		{F8A1C08D-6CEA-4C9C-85EE-2AA58FBECD9E}.Debug|x86.ActiveCfg = Debug|Any CPU
		{F8A1C08D-6CEA-4C9C-85EE-2AA58FBECD9E}.Debug|x86.Build.0 = Debug|Any CPU
		{F8A1C08D-6CEA-4C9C-85EE-2AA58FBECD9E}.Release|Any CPU.ActiveCfg = Release|Any CPU
		{F8A1C08D-6CEA-4C9C-85EE-2AA58FBECD9E}.Release|Any CPU.Build.0 = Release|Any CPU
		{F8A1C08D-6CEA-4C9C-85EE-2AA58FBECD9E}.Release|x64.ActiveCfg = Release|Any CPU
		{F8A1C08D-6CEA-4C9C-85EE-2AA58FBECD9E}.Release|x64.Build.0 = Release|Any CPU
		{F8A1C08D-6CEA-4C9C-85EE-2AA58FBECD9E}.Release|x86.ActiveCfg = Release|Any CPU
		{F8A1C08D-6CEA-4C9C-85EE-2AA58FBECD9E}.Release|x86.Build.0 = Release|Any CPU
		{A6E07CF0-192A-4983-BAD9-1A2F94F462C1}.Debug|Any CPU.ActiveCfg = Debug|Any CPU
		{A6E07CF0-192A-4983-BAD9-1A2F94F462C1}.Debug|Any CPU.Build.0 = Debug|Any CPU
		{A6E07CF0-192A-4983-BAD9-1A2F94F462C1}.Debug|x64.ActiveCfg = Debug|Any CPU
		{A6E07CF0-192A-4983-BAD9-1A2F94F462C1}.Debug|x64.Build.0 = Debug|Any CPU
		{A6E07CF0-192A-4983-BAD9-1A2F94F462C1}.Debug|x86.ActiveCfg = Debug|Any CPU
		{A6E07CF0-192A-4983-BAD9-1A2F94F462C1}.Debug|x86.Build.0 = Debug|Any CPU
		{A6E07CF0-192A-4983-BAD9-1A2F94F462C1}.Release|Any CPU.ActiveCfg = Release|Any CPU
		{A6E07CF0-192A-4983-BAD9-1A2F94F462C1}.Release|Any CPU.Build.0 = Release|Any CPU
		{A6E07CF0-192A-4983-BAD9-1A2F94F462C1}.Release|x64.ActiveCfg = Release|Any CPU
		{A6E07CF0-192A-4983-BAD9-1A2F94F462C1}.Release|x64.Build.0 = Release|Any CPU
		{A6E07CF0-192A-4983-BAD9-1A2F94F462C1}.Release|x86.ActiveCfg = Release|Any CPU
		{A6E07CF0-192A-4983-BAD9-1A2F94F462C1}.Release|x86.Build.0 = Release|Any CPU
		{79A9242F-A78C-4BFB-A316-60B611D06B76}.Debug|Any CPU.ActiveCfg = Debug|Any CPU
		{79A9242F-A78C-4BFB-A316-60B611D06B76}.Debug|Any CPU.Build.0 = Debug|Any CPU
		{79A9242F-A78C-4BFB-A316-60B611D06B76}.Debug|x64.ActiveCfg = Debug|Any CPU
		{79A9242F-A78C-4BFB-A316-60B611D06B76}.Debug|x64.Build.0 = Debug|Any CPU
		{79A9242F-A78C-4BFB-A316-60B611D06B76}.Debug|x86.ActiveCfg = Debug|Any CPU
		{79A9242F-A78C-4BFB-A316-60B611D06B76}.Debug|x86.Build.0 = Debug|Any CPU
		{79A9242F-A78C-4BFB-A316-60B611D06B76}.Release|Any CPU.ActiveCfg = Release|Any CPU
		{79A9242F-A78C-4BFB-A316-60B611D06B76}.Release|Any CPU.Build.0 = Release|Any CPU
		{79A9242F-A78C-4BFB-A316-60B611D06B76}.Release|x64.ActiveCfg = Release|Any CPU
		{79A9242F-A78C-4BFB-A316-60B611D06B76}.Release|x64.Build.0 = Release|Any CPU
		{79A9242F-A78C-4BFB-A316-60B611D06B76}.Release|x86.ActiveCfg = Release|Any CPU
		{79A9242F-A78C-4BFB-A316-60B611D06B76}.Release|x86.Build.0 = Release|Any CPU
		{28E1DEFF-57E1-4B83-B128-05771BB42FF2}.Debug|Any CPU.ActiveCfg = Debug|Any CPU
		{28E1DEFF-57E1-4B83-B128-05771BB42FF2}.Debug|Any CPU.Build.0 = Debug|Any CPU
		{28E1DEFF-57E1-4B83-B128-05771BB42FF2}.Debug|x64.ActiveCfg = Debug|Any CPU
		{28E1DEFF-57E1-4B83-B128-05771BB42FF2}.Debug|x64.Build.0 = Debug|Any CPU
		{28E1DEFF-57E1-4B83-B128-05771BB42FF2}.Debug|x86.ActiveCfg = Debug|Any CPU
		{28E1DEFF-57E1-4B83-B128-05771BB42FF2}.Debug|x86.Build.0 = Debug|Any CPU
		{28E1DEFF-57E1-4B83-B128-05771BB42FF2}.Release|Any CPU.ActiveCfg = Release|Any CPU
		{28E1DEFF-57E1-4B83-B128-05771BB42FF2}.Release|Any CPU.Build.0 = Release|Any CPU
		{28E1DEFF-57E1-4B83-B128-05771BB42FF2}.Release|x64.ActiveCfg = Release|Any CPU
		{28E1DEFF-57E1-4B83-B128-05771BB42FF2}.Release|x64.Build.0 = Release|Any CPU
		{28E1DEFF-57E1-4B83-B128-05771BB42FF2}.Release|x86.ActiveCfg = Release|Any CPU
		{28E1DEFF-57E1-4B83-B128-05771BB42FF2}.Release|x86.Build.0 = Release|Any CPU
		{A7B1B132-B890-43BD-86DE-B553644AE7FC}.Debug|Any CPU.ActiveCfg = Debug|Any CPU
		{A7B1B132-B890-43BD-86DE-B553644AE7FC}.Debug|Any CPU.Build.0 = Debug|Any CPU
		{A7B1B132-B890-43BD-86DE-B553644AE7FC}.Debug|x64.ActiveCfg = Debug|Any CPU
		{A7B1B132-B890-43BD-86DE-B553644AE7FC}.Debug|x64.Build.0 = Debug|Any CPU
		{A7B1B132-B890-43BD-86DE-B553644AE7FC}.Debug|x86.ActiveCfg = Debug|Any CPU
		{A7B1B132-B890-43BD-86DE-B553644AE7FC}.Debug|x86.Build.0 = Debug|Any CPU
		{A7B1B132-B890-43BD-86DE-B553644AE7FC}.Release|Any CPU.ActiveCfg = Release|Any CPU
		{A7B1B132-B890-43BD-86DE-B553644AE7FC}.Release|Any CPU.Build.0 = Release|Any CPU
		{A7B1B132-B890-43BD-86DE-B553644AE7FC}.Release|x64.ActiveCfg = Release|Any CPU
		{A7B1B132-B890-43BD-86DE-B553644AE7FC}.Release|x64.Build.0 = Release|Any CPU
		{A7B1B132-B890-43BD-86DE-B553644AE7FC}.Release|x86.ActiveCfg = Release|Any CPU
		{A7B1B132-B890-43BD-86DE-B553644AE7FC}.Release|x86.Build.0 = Release|Any CPU
		{1412C71F-D651-4464-ADD0-5EFF6276652F}.Debug|Any CPU.ActiveCfg = Debug|Any CPU
		{1412C71F-D651-4464-ADD0-5EFF6276652F}.Debug|Any CPU.Build.0 = Debug|Any CPU
		{1412C71F-D651-4464-ADD0-5EFF6276652F}.Debug|x64.ActiveCfg = Debug|Any CPU
		{1412C71F-D651-4464-ADD0-5EFF6276652F}.Debug|x64.Build.0 = Debug|Any CPU
		{1412C71F-D651-4464-ADD0-5EFF6276652F}.Debug|x86.ActiveCfg = Debug|Any CPU
		{1412C71F-D651-4464-ADD0-5EFF6276652F}.Debug|x86.Build.0 = Debug|Any CPU
		{1412C71F-D651-4464-ADD0-5EFF6276652F}.Release|Any CPU.ActiveCfg = Release|Any CPU
		{1412C71F-D651-4464-ADD0-5EFF6276652F}.Release|Any CPU.Build.0 = Release|Any CPU
		{1412C71F-D651-4464-ADD0-5EFF6276652F}.Release|x64.ActiveCfg = Release|Any CPU
		{1412C71F-D651-4464-ADD0-5EFF6276652F}.Release|x64.Build.0 = Release|Any CPU
		{1412C71F-D651-4464-ADD0-5EFF6276652F}.Release|x86.ActiveCfg = Release|Any CPU
		{1412C71F-D651-4464-ADD0-5EFF6276652F}.Release|x86.Build.0 = Release|Any CPU
		{68E63A48-9257-4D4C-A76F-24CEB44D301F}.Debug|Any CPU.ActiveCfg = Debug|Any CPU
		{68E63A48-9257-4D4C-A76F-24CEB44D301F}.Debug|Any CPU.Build.0 = Debug|Any CPU
		{68E63A48-9257-4D4C-A76F-24CEB44D301F}.Debug|x64.ActiveCfg = Debug|Any CPU
		{68E63A48-9257-4D4C-A76F-24CEB44D301F}.Debug|x64.Build.0 = Debug|Any CPU
		{68E63A48-9257-4D4C-A76F-24CEB44D301F}.Debug|x86.ActiveCfg = Debug|Any CPU
		{68E63A48-9257-4D4C-A76F-24CEB44D301F}.Debug|x86.Build.0 = Debug|Any CPU
		{68E63A48-9257-4D4C-A76F-24CEB44D301F}.Release|Any CPU.ActiveCfg = Release|Any CPU
		{68E63A48-9257-4D4C-A76F-24CEB44D301F}.Release|Any CPU.Build.0 = Release|Any CPU
		{68E63A48-9257-4D4C-A76F-24CEB44D301F}.Release|x64.ActiveCfg = Release|Any CPU
		{68E63A48-9257-4D4C-A76F-24CEB44D301F}.Release|x64.Build.0 = Release|Any CPU
		{68E63A48-9257-4D4C-A76F-24CEB44D301F}.Release|x86.ActiveCfg = Release|Any CPU
		{68E63A48-9257-4D4C-A76F-24CEB44D301F}.Release|x86.Build.0 = Release|Any CPU
		{92E36954-5C4C-4DAD-BDBC-6584A19E592B}.Debug|Any CPU.ActiveCfg = Debug|Any CPU
		{92E36954-5C4C-4DAD-BDBC-6584A19E592B}.Debug|Any CPU.Build.0 = Debug|Any CPU
		{92E36954-5C4C-4DAD-BDBC-6584A19E592B}.Debug|x64.ActiveCfg = Debug|Any CPU
		{92E36954-5C4C-4DAD-BDBC-6584A19E592B}.Debug|x64.Build.0 = Debug|Any CPU
		{92E36954-5C4C-4DAD-BDBC-6584A19E592B}.Debug|x86.ActiveCfg = Debug|Any CPU
		{92E36954-5C4C-4DAD-BDBC-6584A19E592B}.Debug|x86.Build.0 = Debug|Any CPU
		{92E36954-5C4C-4DAD-BDBC-6584A19E592B}.Release|Any CPU.ActiveCfg = Release|Any CPU
		{92E36954-5C4C-4DAD-BDBC-6584A19E592B}.Release|Any CPU.Build.0 = Release|Any CPU
		{92E36954-5C4C-4DAD-BDBC-6584A19E592B}.Release|x64.ActiveCfg = Release|Any CPU
		{92E36954-5C4C-4DAD-BDBC-6584A19E592B}.Release|x64.Build.0 = Release|Any CPU
		{92E36954-5C4C-4DAD-BDBC-6584A19E592B}.Release|x86.ActiveCfg = Release|Any CPU
		{92E36954-5C4C-4DAD-BDBC-6584A19E592B}.Release|x86.Build.0 = Release|Any CPU
		{BE208B40-84F0-4979-B178-241221507EA5}.Debug|Any CPU.ActiveCfg = Debug|Any CPU
		{BE208B40-84F0-4979-B178-241221507EA5}.Debug|Any CPU.Build.0 = Debug|Any CPU
		{BE208B40-84F0-4979-B178-241221507EA5}.Debug|x64.ActiveCfg = Debug|Any CPU
		{BE208B40-84F0-4979-B178-241221507EA5}.Debug|x64.Build.0 = Debug|Any CPU
		{BE208B40-84F0-4979-B178-241221507EA5}.Debug|x86.ActiveCfg = Debug|Any CPU
		{BE208B40-84F0-4979-B178-241221507EA5}.Debug|x86.Build.0 = Debug|Any CPU
		{BE208B40-84F0-4979-B178-241221507EA5}.Release|Any CPU.ActiveCfg = Release|Any CPU
		{BE208B40-84F0-4979-B178-241221507EA5}.Release|Any CPU.Build.0 = Release|Any CPU
		{BE208B40-84F0-4979-B178-241221507EA5}.Release|x64.ActiveCfg = Release|Any CPU
		{BE208B40-84F0-4979-B178-241221507EA5}.Release|x64.Build.0 = Release|Any CPU
		{BE208B40-84F0-4979-B178-241221507EA5}.Release|x86.ActiveCfg = Release|Any CPU
		{BE208B40-84F0-4979-B178-241221507EA5}.Release|x86.Build.0 = Release|Any CPU
		{F0544BDB-A39A-4DD3-A596-B58D6E91DDBA}.Debug|Any CPU.ActiveCfg = Debug|Any CPU
		{F0544BDB-A39A-4DD3-A596-B58D6E91DDBA}.Debug|Any CPU.Build.0 = Debug|Any CPU
		{F0544BDB-A39A-4DD3-A596-B58D6E91DDBA}.Debug|x64.ActiveCfg = Debug|Any CPU
		{F0544BDB-A39A-4DD3-A596-B58D6E91DDBA}.Debug|x64.Build.0 = Debug|Any CPU
		{F0544BDB-A39A-4DD3-A596-B58D6E91DDBA}.Debug|x86.ActiveCfg = Debug|Any CPU
		{F0544BDB-A39A-4DD3-A596-B58D6E91DDBA}.Debug|x86.Build.0 = Debug|Any CPU
		{F0544BDB-A39A-4DD3-A596-B58D6E91DDBA}.Release|Any CPU.ActiveCfg = Release|Any CPU
		{F0544BDB-A39A-4DD3-A596-B58D6E91DDBA}.Release|Any CPU.Build.0 = Release|Any CPU
		{F0544BDB-A39A-4DD3-A596-B58D6E91DDBA}.Release|x64.ActiveCfg = Release|Any CPU
		{F0544BDB-A39A-4DD3-A596-B58D6E91DDBA}.Release|x64.Build.0 = Release|Any CPU
		{F0544BDB-A39A-4DD3-A596-B58D6E91DDBA}.Release|x86.ActiveCfg = Release|Any CPU
		{F0544BDB-A39A-4DD3-A596-B58D6E91DDBA}.Release|x86.Build.0 = Release|Any CPU
		{0706FA30-6D1C-4FD4-8204-85141A6A4908}.Debug|Any CPU.ActiveCfg = Debug|Any CPU
		{0706FA30-6D1C-4FD4-8204-85141A6A4908}.Debug|Any CPU.Build.0 = Debug|Any CPU
		{0706FA30-6D1C-4FD4-8204-85141A6A4908}.Debug|x64.ActiveCfg = Debug|Any CPU
		{0706FA30-6D1C-4FD4-8204-85141A6A4908}.Debug|x64.Build.0 = Debug|Any CPU
		{0706FA30-6D1C-4FD4-8204-85141A6A4908}.Debug|x86.ActiveCfg = Debug|Any CPU
		{0706FA30-6D1C-4FD4-8204-85141A6A4908}.Debug|x86.Build.0 = Debug|Any CPU
		{0706FA30-6D1C-4FD4-8204-85141A6A4908}.Release|Any CPU.ActiveCfg = Release|Any CPU
		{0706FA30-6D1C-4FD4-8204-85141A6A4908}.Release|Any CPU.Build.0 = Release|Any CPU
		{0706FA30-6D1C-4FD4-8204-85141A6A4908}.Release|x64.ActiveCfg = Release|Any CPU
		{0706FA30-6D1C-4FD4-8204-85141A6A4908}.Release|x64.Build.0 = Release|Any CPU
		{0706FA30-6D1C-4FD4-8204-85141A6A4908}.Release|x86.ActiveCfg = Release|Any CPU
		{0706FA30-6D1C-4FD4-8204-85141A6A4908}.Release|x86.Build.0 = Release|Any CPU
		{E8B8BA00-3963-4E83-9EFF-6090FA6C93D9}.Debug|Any CPU.ActiveCfg = Debug|Any CPU
		{E8B8BA00-3963-4E83-9EFF-6090FA6C93D9}.Debug|Any CPU.Build.0 = Debug|Any CPU
		{E8B8BA00-3963-4E83-9EFF-6090FA6C93D9}.Debug|x64.ActiveCfg = Debug|Any CPU
		{E8B8BA00-3963-4E83-9EFF-6090FA6C93D9}.Debug|x64.Build.0 = Debug|Any CPU
		{E8B8BA00-3963-4E83-9EFF-6090FA6C93D9}.Debug|x86.ActiveCfg = Debug|Any CPU
		{E8B8BA00-3963-4E83-9EFF-6090FA6C93D9}.Debug|x86.Build.0 = Debug|Any CPU
		{E8B8BA00-3963-4E83-9EFF-6090FA6C93D9}.Release|Any CPU.ActiveCfg = Release|Any CPU
		{E8B8BA00-3963-4E83-9EFF-6090FA6C93D9}.Release|Any CPU.Build.0 = Release|Any CPU
		{E8B8BA00-3963-4E83-9EFF-6090FA6C93D9}.Release|x64.ActiveCfg = Release|Any CPU
		{E8B8BA00-3963-4E83-9EFF-6090FA6C93D9}.Release|x64.Build.0 = Release|Any CPU
		{E8B8BA00-3963-4E83-9EFF-6090FA6C93D9}.Release|x86.ActiveCfg = Release|Any CPU
		{E8B8BA00-3963-4E83-9EFF-6090FA6C93D9}.Release|x86.Build.0 = Release|Any CPU
		{7AD4DACA-D932-412F-961E-F60D89249589}.Debug|Any CPU.ActiveCfg = Debug|Any CPU
		{7AD4DACA-D932-412F-961E-F60D89249589}.Debug|Any CPU.Build.0 = Debug|Any CPU
		{7AD4DACA-D932-412F-961E-F60D89249589}.Debug|x64.ActiveCfg = Debug|Any CPU
		{7AD4DACA-D932-412F-961E-F60D89249589}.Debug|x64.Build.0 = Debug|Any CPU
		{7AD4DACA-D932-412F-961E-F60D89249589}.Debug|x86.ActiveCfg = Debug|Any CPU
		{7AD4DACA-D932-412F-961E-F60D89249589}.Debug|x86.Build.0 = Debug|Any CPU
		{7AD4DACA-D932-412F-961E-F60D89249589}.Release|Any CPU.ActiveCfg = Release|Any CPU
		{7AD4DACA-D932-412F-961E-F60D89249589}.Release|Any CPU.Build.0 = Release|Any CPU
		{7AD4DACA-D932-412F-961E-F60D89249589}.Release|x64.ActiveCfg = Release|Any CPU
		{7AD4DACA-D932-412F-961E-F60D89249589}.Release|x64.Build.0 = Release|Any CPU
		{7AD4DACA-D932-412F-961E-F60D89249589}.Release|x86.ActiveCfg = Release|Any CPU
		{7AD4DACA-D932-412F-961E-F60D89249589}.Release|x86.Build.0 = Release|Any CPU
		{78D45FBC-3180-4DDB-B5E7-A1CB9D273E07}.Debug|Any CPU.ActiveCfg = Debug|Any CPU
		{78D45FBC-3180-4DDB-B5E7-A1CB9D273E07}.Debug|Any CPU.Build.0 = Debug|Any CPU
		{78D45FBC-3180-4DDB-B5E7-A1CB9D273E07}.Debug|x64.ActiveCfg = Debug|Any CPU
		{78D45FBC-3180-4DDB-B5E7-A1CB9D273E07}.Debug|x64.Build.0 = Debug|Any CPU
		{78D45FBC-3180-4DDB-B5E7-A1CB9D273E07}.Debug|x86.ActiveCfg = Debug|Any CPU
		{78D45FBC-3180-4DDB-B5E7-A1CB9D273E07}.Debug|x86.Build.0 = Debug|Any CPU
		{78D45FBC-3180-4DDB-B5E7-A1CB9D273E07}.Release|Any CPU.ActiveCfg = Release|Any CPU
		{78D45FBC-3180-4DDB-B5E7-A1CB9D273E07}.Release|Any CPU.Build.0 = Release|Any CPU
		{78D45FBC-3180-4DDB-B5E7-A1CB9D273E07}.Release|x64.ActiveCfg = Release|Any CPU
		{78D45FBC-3180-4DDB-B5E7-A1CB9D273E07}.Release|x64.Build.0 = Release|Any CPU
		{78D45FBC-3180-4DDB-B5E7-A1CB9D273E07}.Release|x86.ActiveCfg = Release|Any CPU
		{78D45FBC-3180-4DDB-B5E7-A1CB9D273E07}.Release|x86.Build.0 = Release|Any CPU
		{A35F4053-DC18-42E8-94F8-DA26DCD88DC6}.Debug|Any CPU.ActiveCfg = Debug|Any CPU
		{A35F4053-DC18-42E8-94F8-DA26DCD88DC6}.Debug|Any CPU.Build.0 = Debug|Any CPU
		{A35F4053-DC18-42E8-94F8-DA26DCD88DC6}.Debug|x64.ActiveCfg = Debug|Any CPU
		{A35F4053-DC18-42E8-94F8-DA26DCD88DC6}.Debug|x64.Build.0 = Debug|Any CPU
		{A35F4053-DC18-42E8-94F8-DA26DCD88DC6}.Debug|x86.ActiveCfg = Debug|Any CPU
		{A35F4053-DC18-42E8-94F8-DA26DCD88DC6}.Debug|x86.Build.0 = Debug|Any CPU
		{A35F4053-DC18-42E8-94F8-DA26DCD88DC6}.Release|Any CPU.ActiveCfg = Release|Any CPU
		{A35F4053-DC18-42E8-94F8-DA26DCD88DC6}.Release|Any CPU.Build.0 = Release|Any CPU
		{A35F4053-DC18-42E8-94F8-DA26DCD88DC6}.Release|x64.ActiveCfg = Release|Any CPU
		{A35F4053-DC18-42E8-94F8-DA26DCD88DC6}.Release|x64.Build.0 = Release|Any CPU
		{A35F4053-DC18-42E8-94F8-DA26DCD88DC6}.Release|x86.ActiveCfg = Release|Any CPU
		{A35F4053-DC18-42E8-94F8-DA26DCD88DC6}.Release|x86.Build.0 = Release|Any CPU
		{37296615-CCD6-44D0-BEFC-36886FC24191}.Debug|Any CPU.ActiveCfg = Debug|Any CPU
		{37296615-CCD6-44D0-BEFC-36886FC24191}.Debug|Any CPU.Build.0 = Debug|Any CPU
		{37296615-CCD6-44D0-BEFC-36886FC24191}.Debug|x64.ActiveCfg = Debug|Any CPU
		{37296615-CCD6-44D0-BEFC-36886FC24191}.Debug|x64.Build.0 = Debug|Any CPU
		{37296615-CCD6-44D0-BEFC-36886FC24191}.Debug|x86.ActiveCfg = Debug|Any CPU
		{37296615-CCD6-44D0-BEFC-36886FC24191}.Debug|x86.Build.0 = Debug|Any CPU
		{37296615-CCD6-44D0-BEFC-36886FC24191}.Release|Any CPU.ActiveCfg = Release|Any CPU
		{37296615-CCD6-44D0-BEFC-36886FC24191}.Release|Any CPU.Build.0 = Release|Any CPU
		{37296615-CCD6-44D0-BEFC-36886FC24191}.Release|x64.ActiveCfg = Release|Any CPU
		{37296615-CCD6-44D0-BEFC-36886FC24191}.Release|x64.Build.0 = Release|Any CPU
		{37296615-CCD6-44D0-BEFC-36886FC24191}.Release|x86.ActiveCfg = Release|Any CPU
		{37296615-CCD6-44D0-BEFC-36886FC24191}.Release|x86.Build.0 = Release|Any CPU
		{E2B72E4C-F4A1-4C88-A2A3-411289554097}.Debug|Any CPU.ActiveCfg = Debug|Any CPU
		{E2B72E4C-F4A1-4C88-A2A3-411289554097}.Debug|Any CPU.Build.0 = Debug|Any CPU
		{E2B72E4C-F4A1-4C88-A2A3-411289554097}.Debug|x64.ActiveCfg = Debug|Any CPU
		{E2B72E4C-F4A1-4C88-A2A3-411289554097}.Debug|x64.Build.0 = Debug|Any CPU
		{E2B72E4C-F4A1-4C88-A2A3-411289554097}.Debug|x86.ActiveCfg = Debug|Any CPU
		{E2B72E4C-F4A1-4C88-A2A3-411289554097}.Debug|x86.Build.0 = Debug|Any CPU
		{E2B72E4C-F4A1-4C88-A2A3-411289554097}.Release|Any CPU.ActiveCfg = Release|Any CPU
		{E2B72E4C-F4A1-4C88-A2A3-411289554097}.Release|Any CPU.Build.0 = Release|Any CPU
		{E2B72E4C-F4A1-4C88-A2A3-411289554097}.Release|x64.ActiveCfg = Release|Any CPU
		{E2B72E4C-F4A1-4C88-A2A3-411289554097}.Release|x64.Build.0 = Release|Any CPU
		{E2B72E4C-F4A1-4C88-A2A3-411289554097}.Release|x86.ActiveCfg = Release|Any CPU
		{E2B72E4C-F4A1-4C88-A2A3-411289554097}.Release|x86.Build.0 = Release|Any CPU
	EndGlobalSection
	GlobalSection(SolutionProperties) = preSolution
		HideSolutionNode = FALSE
	EndGlobalSection
	GlobalSection(NestedProjects) = preSolution
		{9660B934-B539-462E-BD1F-433F5F636566} = {A6A23196-6198-45C6-50E2-1F8E733F58F0}
		{51018278-2A43-403D-960A-12EC80FF69E8} = {A6A23196-6198-45C6-50E2-1F8E733F58F0}
		{00DF01CD-E8A9-437E-8EB3-6C9B894910FA} = {A6A23196-6198-45C6-50E2-1F8E733F58F0}
		{2ED2A1A9-E35E-4762-8D60-82C52B2C41D6} = {A6A23196-6198-45C6-50E2-1F8E733F58F0}
		{6B2BCD81-F27F-4E30-92C9-05332BBCEB92} = {A6A23196-6198-45C6-50E2-1F8E733F58F0}
		{86370D2D-47E6-4226-A495-9D68014FA27D} = {A6A23196-6198-45C6-50E2-1F8E733F58F0}
		{C3D1312D-5E97-410B-BDAC-3971D6ABAF26} = {A6A23196-6198-45C6-50E2-1F8E733F58F0}
		{82448A43-C603-483F-8B70-FA1D020F1FAD} = {A6A23196-6198-45C6-50E2-1F8E733F58F0}
		{10C71FE3-AC16-4901-9CF1-755A5193DFA5} = {A6A23196-6198-45C6-50E2-1F8E733F58F0}
		{F4DC5433-04AE-44E9-9F28-69EE4D9DBCF4} = {A6A23196-6198-45C6-50E2-1F8E733F58F0}
		{D422BF43-BB91-4074-8C39-5858A75E9A4B} = {A6A23196-6198-45C6-50E2-1F8E733F58F0}
		{A10BD7B9-A8DF-40DF-90D2-B4EBBCAC069C} = {31D9FFF0-CA05-EF9B-F6DB-792D71E9EEF4}
		{58804029-24F4-4649-A473-B55FC7980838} = {31D9FFF0-CA05-EF9B-F6DB-792D71E9EEF4}
		{F4C1409B-EB48-4513-A24A-F8B67232310D} = {31D9FFF0-CA05-EF9B-F6DB-792D71E9EEF4}
		{544ED425-8CBF-4F72-9123-F6D184EDFEDE} = {31D9FFF0-CA05-EF9B-F6DB-792D71E9EEF4}
		{145A8E14-9599-4F0A-8803-6F4F521E1D5F} = {31D9FFF0-CA05-EF9B-F6DB-792D71E9EEF4}
		{5879D64B-0912-4B8A-9400-4957FECA5A04} = {31D9FFF0-CA05-EF9B-F6DB-792D71E9EEF4}
		{15109104-8BC5-4AE1-BD22-377D0F742ADF} = {31D9FFF0-CA05-EF9B-F6DB-792D71E9EEF4}
		{8B2C1507-C792-44D5-B4C2-0F347853DFB2} = {31D9FFF0-CA05-EF9B-F6DB-792D71E9EEF4}
		{2C2192A5-C53D-4467-8979-E51D71ABD432} = {31D9FFF0-CA05-EF9B-F6DB-792D71E9EEF4}
		{4F27E53B-BA73-4A12-AA32-C74FF692C8F8} = {3ECFE325-CE6D-BF3F-F148-32EB18378828}
		{694CAFBE-462C-4F36-85C2-EF96E4F8804D} = {3ECFE325-CE6D-BF3F-F148-32EB18378828}
		{D0A3C98F-4CDF-4E52-A560-8B4DB9E82E2C} = {3ECFE325-CE6D-BF3F-F148-32EB18378828}
		{CB11C572-55B1-46BF-980A-A6E1D1002F8F} = {3ECFE325-CE6D-BF3F-F148-32EB18378828}
		{3A0576A9-FB05-425C-AF3F-F3468F02483A} = {3ECFE325-CE6D-BF3F-F148-32EB18378828}
		{403A52D2-6E77-42BD-A94D-B8BCB57C7AE1} = {3ECFE325-CE6D-BF3F-F148-32EB18378828}
		{E9F8F7E9-1637-4F35-A652-3C69A3A31696} = {3ECFE325-CE6D-BF3F-F148-32EB18378828}
		{E27707BA-8782-4BD0-AE62-B74D96CB891D} = {AB402B99-CE95-7119-2BD2-29DE898425A4}
		{EB9AE391-3E96-4CD9-947F-6E9E184BADFC} = {AB402B99-CE95-7119-2BD2-29DE898425A4}
		{F6E9A761-098F-4391-9E62-ED61B67ADC53} = {AB402B99-CE95-7119-2BD2-29DE898425A4}
		{80FF264A-996D-4382-9B75-90D1C47CAE83} = {AB402B99-CE95-7119-2BD2-29DE898425A4}
		{C13A41CD-A176-4971-B98C-092B0D75966E} = {AB402B99-CE95-7119-2BD2-29DE898425A4}
		{62CAAAAE-A71B-4D98-8C1D-497AC849A96B} = {AB402B99-CE95-7119-2BD2-29DE898425A4}
		{FF0587A4-AB9D-4297-96E8-3F3EE3F0A2F6} = {AB402B99-CE95-7119-2BD2-29DE898425A4}
		{D00E9EA6-953E-41AA-A316-2834D69DC491} = {AB402B99-CE95-7119-2BD2-29DE898425A4}
		{E7EBE423-5A64-4E65-8BDC-3920209E7F55} = {78817D9B-5481-CF30-A3D8-D20690CC8D31}
		{1541D4B6-CA65-4CC4-A8FD-04BD2D679A03} = {78817D9B-5481-CF30-A3D8-D20690CC8D31}
		{E006418A-7A91-485F-93AB-78364C6DC0C4} = {78817D9B-5481-CF30-A3D8-D20690CC8D31}
		{1FB238F5-AAC9-4118-867F-C53A63720FC0} = {78817D9B-5481-CF30-A3D8-D20690CC8D31}
		{39AA9A4A-E235-471E-BA37-54FF8A6268A4} = {78817D9B-5481-CF30-A3D8-D20690CC8D31}
		{6999F7EB-DBC5-4A7B-B886-D0B01706437A} = {78817D9B-5481-CF30-A3D8-D20690CC8D31}
		{64C93B80-A228-4C3C-A683-BE6B6AD6D31A} = {78817D9B-5481-CF30-A3D8-D20690CC8D31}
		{8F733BC7-9868-4380-97D7-F353CFE77A8D} = {78817D9B-5481-CF30-A3D8-D20690CC8D31}
		{6D853F82-6EDF-4062-AEE1-A64D84ACCAC8} = {78817D9B-5481-CF30-A3D8-D20690CC8D31}
		{D078D638-130C-4E3B-84C0-3BD9124F269D} = {78817D9B-5481-CF30-A3D8-D20690CC8D31}
		{4C25D4F5-27ED-4233-9D67-9F105E2012D4} = {78817D9B-5481-CF30-A3D8-D20690CC8D31}
		{BC3DD2B4-0ED0-469B-844B-947726ACBCAB} = {78817D9B-5481-CF30-A3D8-D20690CC8D31}
		{F8A1C08D-6CEA-4C9C-85EE-2AA58FBECD9E} = {D909396F-F1BC-BBBE-F2BF-ADCAB38CE666}
		{A6E07CF0-192A-4983-BAD9-1A2F94F462C1} = {D909396F-F1BC-BBBE-F2BF-ADCAB38CE666}
		{79A9242F-A78C-4BFB-A316-60B611D06B76} = {D909396F-F1BC-BBBE-F2BF-ADCAB38CE666}
		{28E1DEFF-57E1-4B83-B128-05771BB42FF2} = {D909396F-F1BC-BBBE-F2BF-ADCAB38CE666}
		{A7B1B132-B890-43BD-86DE-B553644AE7FC} = {D909396F-F1BC-BBBE-F2BF-ADCAB38CE666}
		{1412C71F-D651-4464-ADD0-5EFF6276652F} = {D909396F-F1BC-BBBE-F2BF-ADCAB38CE666}
		{68E63A48-9257-4D4C-A76F-24CEB44D301F} = {D909396F-F1BC-BBBE-F2BF-ADCAB38CE666}
		{92E36954-5C4C-4DAD-BDBC-6584A19E592B} = {D909396F-F1BC-BBBE-F2BF-ADCAB38CE666}
		{BE208B40-84F0-4979-B178-241221507EA5} = {D909396F-F1BC-BBBE-F2BF-ADCAB38CE666}
		{F0544BDB-A39A-4DD3-A596-B58D6E91DDBA} = {0AC7F4B4-0843-1B5E-8A69-65DCBEDACCE7}
		{0706FA30-6D1C-4FD4-8204-85141A6A4908} = {0AC7F4B4-0843-1B5E-8A69-65DCBEDACCE7}
		{E8B8BA00-3963-4E83-9EFF-6090FA6C93D9} = {0AC7F4B4-0843-1B5E-8A69-65DCBEDACCE7}
		{7AD4DACA-D932-412F-961E-F60D89249589} = {0AC7F4B4-0843-1B5E-8A69-65DCBEDACCE7}
		{78D45FBC-3180-4DDB-B5E7-A1CB9D273E07} = {0AC7F4B4-0843-1B5E-8A69-65DCBEDACCE7}
		{A35F4053-DC18-42E8-94F8-DA26DCD88DC6} = {0AC7F4B4-0843-1B5E-8A69-65DCBEDACCE7}
		{37296615-CCD6-44D0-BEFC-36886FC24191} = {0AC7F4B4-0843-1B5E-8A69-65DCBEDACCE7}
		{E2B72E4C-F4A1-4C88-A2A3-411289554097} = {0AC7F4B4-0843-1B5E-8A69-65DCBEDACCE7}
	EndGlobalSection
EndGlobal
